// !$*UTF8*$!
{
	archiveVersion = 1;
	classes = {
	};
	objectVersion = 46;
	objects = {

/* Begin PBXBuildFile section */
		BACC917718BFA40000D87926 /* Foundation.framework in Frameworks */ = {isa = PBXBuildFile; fileRef = BACC917618BFA40000D87926 /* Foundation.framework */; };
		BACC917918BFA40000D87926 /* CoreGraphics.framework in Frameworks */ = {isa = PBXBuildFile; fileRef = BACC917818BFA40000D87926 /* CoreGraphics.framework */; };
		BACC917B18BFA40000D87926 /* UIKit.framework in Frameworks */ = {isa = PBXBuildFile; fileRef = BACC917A18BFA40000D87926 /* UIKit.framework */; };
		BACC918118BFA40000D87926 /* InfoPlist.strings in Resources */ = {isa = PBXBuildFile; fileRef = BACC917F18BFA40000D87926 /* InfoPlist.strings */; };
		BACC918318BFA40000D87926 /* main.m in Sources */ = {isa = PBXBuildFile; fileRef = BACC918218BFA40000D87926 /* main.m */; };
		BACC918718BFA40000D87926 /* QiniuDemoAppDelegate.m in Sources */ = {isa = PBXBuildFile; fileRef = BACC918618BFA40000D87926 /* QiniuDemoAppDelegate.m */; };
		BACC918A18BFA40000D87926 /* Main.storyboard in Resources */ = {isa = PBXBuildFile; fileRef = BACC918818BFA40000D87926 /* Main.storyboard */; };
		BACC918D18BFA40000D87926 /* QiniuDemoViewController.m in Sources */ = {isa = PBXBuildFile; fileRef = BACC918C18BFA40000D87926 /* QiniuDemoViewController.m */; };
		BACC918F18BFA40000D87926 /* Images.xcassets in Resources */ = {isa = PBXBuildFile; fileRef = BACC918E18BFA40000D87926 /* Images.xcassets */; };
		BACC919618BFA40000D87926 /* XCTest.framework in Frameworks */ = {isa = PBXBuildFile; fileRef = BACC919518BFA40000D87926 /* XCTest.framework */; };
		BACC919718BFA40000D87926 /* Foundation.framework in Frameworks */ = {isa = PBXBuildFile; fileRef = BACC917618BFA40000D87926 /* Foundation.framework */; };
		BACC919818BFA40000D87926 /* UIKit.framework in Frameworks */ = {isa = PBXBuildFile; fileRef = BACC917A18BFA40000D87926 /* UIKit.framework */; };
		BACC91A018BFA40000D87926 /* InfoPlist.strings in Resources */ = {isa = PBXBuildFile; fileRef = BACC919E18BFA40000D87926 /* InfoPlist.strings */; };
		BACC91A218BFA40000D87926 /* QiniuDemoTests.m in Sources */ = {isa = PBXBuildFile; fileRef = BACC91A118BFA40000D87926 /* QiniuDemoTests.m */; };
		BAD594EB1978EE6D0026AC8B /* AFHTTPClient.m in Sources */ = {isa = PBXBuildFile; fileRef = BAD594CC1978EE6D0026AC8B /* AFHTTPClient.m */; };
		BAD594EC1978EE6D0026AC8B /* AFHTTPRequestOperation.m in Sources */ = {isa = PBXBuildFile; fileRef = BAD594CE1978EE6D0026AC8B /* AFHTTPRequestOperation.m */; };
		BAD594ED1978EE6D0026AC8B /* AFImageRequestOperation.m in Sources */ = {isa = PBXBuildFile; fileRef = BAD594D01978EE6D0026AC8B /* AFImageRequestOperation.m */; };
		BAD594EE1978EE6D0026AC8B /* AFJSONRequestOperation.m in Sources */ = {isa = PBXBuildFile; fileRef = BAD594D21978EE6D0026AC8B /* AFJSONRequestOperation.m */; };
		BAD594EF1978EE6D0026AC8B /* AFNetworkActivityIndicatorManager.m in Sources */ = {isa = PBXBuildFile; fileRef = BAD594D41978EE6D0026AC8B /* AFNetworkActivityIndicatorManager.m */; };
		BAD594F01978EE6D0026AC8B /* AFPropertyListRequestOperation.m in Sources */ = {isa = PBXBuildFile; fileRef = BAD594D71978EE6D0026AC8B /* AFPropertyListRequestOperation.m */; };
		BAD594F11978EE6D0026AC8B /* AFURLConnectionOperation.m in Sources */ = {isa = PBXBuildFile; fileRef = BAD594D91978EE6D0026AC8B /* AFURLConnectionOperation.m */; };
		BAD594F21978EE6D0026AC8B /* AFXMLRequestOperation.m in Sources */ = {isa = PBXBuildFile; fileRef = BAD594DB1978EE6D0026AC8B /* AFXMLRequestOperation.m */; };
		BAD594F31978EE6D0026AC8B /* UIImageView+AFNetworking.m in Sources */ = {isa = PBXBuildFile; fileRef = BAD594DD1978EE6D0026AC8B /* UIImageView+AFNetworking.m */; };
		BAD594F41978EE6D0026AC8B /* QiniuBlkputRet.m in Sources */ = {isa = PBXBuildFile; fileRef = BAD594DF1978EE6D0026AC8B /* QiniuBlkputRet.m */; };
		BAD594F51978EE6D0026AC8B /* QiniuResumableClient.m in Sources */ = {isa = PBXBuildFile; fileRef = BAD594E21978EE6D0026AC8B /* QiniuResumableClient.m */; };
		BAD594F61978EE6D0026AC8B /* QiniuResumableUploader.m in Sources */ = {isa = PBXBuildFile; fileRef = BAD594E41978EE6D0026AC8B /* QiniuResumableUploader.m */; };
		BAD594F71978EE6D0026AC8B /* QiniuSimpleUploader.m in Sources */ = {isa = PBXBuildFile; fileRef = BAD594E71978EE6D0026AC8B /* QiniuSimpleUploader.m */; };
		BAD594F81978EE6D0026AC8B /* QiniuUtils.m in Sources */ = {isa = PBXBuildFile; fileRef = BAD594EA1978EE6D0026AC8B /* QiniuUtils.m */; };
/* End PBXBuildFile section */

/* Begin PBXContainerItemProxy section */
		BACC919918BFA40000D87926 /* PBXContainerItemProxy */ = {
			isa = PBXContainerItemProxy;
			containerPortal = BACC916B18BFA40000D87926 /* Project object */;
			proxyType = 1;
			remoteGlobalIDString = BACC917218BFA40000D87926;
			remoteInfo = QiniuDemo;
		};
/* End PBXContainerItemProxy section */

/* Begin PBXFileReference section */
		BACC917318BFA40000D87926 /* QiniuDemo.app */ = {isa = PBXFileReference; explicitFileType = wrapper.application; includeInIndex = 0; path = QiniuDemo.app; sourceTree = BUILT_PRODUCTS_DIR; };
		BACC917618BFA40000D87926 /* Foundation.framework */ = {isa = PBXFileReference; lastKnownFileType = wrapper.framework; name = Foundation.framework; path = System/Library/Frameworks/Foundation.framework; sourceTree = SDKROOT; };
		BACC917818BFA40000D87926 /* CoreGraphics.framework */ = {isa = PBXFileReference; lastKnownFileType = wrapper.framework; name = CoreGraphics.framework; path = System/Library/Frameworks/CoreGraphics.framework; sourceTree = SDKROOT; };
		BACC917A18BFA40000D87926 /* UIKit.framework */ = {isa = PBXFileReference; lastKnownFileType = wrapper.framework; name = UIKit.framework; path = System/Library/Frameworks/UIKit.framework; sourceTree = SDKROOT; };
		BACC917E18BFA40000D87926 /* QiniuDemo-Info.plist */ = {isa = PBXFileReference; lastKnownFileType = text.plist.xml; path = "QiniuDemo-Info.plist"; sourceTree = "<group>"; };
		BACC918018BFA40000D87926 /* en */ = {isa = PBXFileReference; lastKnownFileType = text.plist.strings; name = en; path = en.lproj/InfoPlist.strings; sourceTree = "<group>"; };
		BACC918218BFA40000D87926 /* main.m */ = {isa = PBXFileReference; lastKnownFileType = sourcecode.c.objc; path = main.m; sourceTree = "<group>"; };
		BACC918418BFA40000D87926 /* QiniuDemo-Prefix.pch */ = {isa = PBXFileReference; lastKnownFileType = sourcecode.c.h; path = "QiniuDemo-Prefix.pch"; sourceTree = "<group>"; };
		BACC918518BFA40000D87926 /* QiniuDemoAppDelegate.h */ = {isa = PBXFileReference; lastKnownFileType = sourcecode.c.h; path = QiniuDemoAppDelegate.h; sourceTree = "<group>"; };
		BACC918618BFA40000D87926 /* QiniuDemoAppDelegate.m */ = {isa = PBXFileReference; lastKnownFileType = sourcecode.c.objc; path = QiniuDemoAppDelegate.m; sourceTree = "<group>"; };
		BACC918918BFA40000D87926 /* Base */ = {isa = PBXFileReference; lastKnownFileType = file.storyboard; name = Base; path = Base.lproj/Main.storyboard; sourceTree = "<group>"; };
		BACC918B18BFA40000D87926 /* QiniuDemoViewController.h */ = {isa = PBXFileReference; lastKnownFileType = sourcecode.c.h; path = QiniuDemoViewController.h; sourceTree = "<group>"; };
		BACC918C18BFA40000D87926 /* QiniuDemoViewController.m */ = {isa = PBXFileReference; lastKnownFileType = sourcecode.c.objc; path = QiniuDemoViewController.m; sourceTree = "<group>"; };
		BACC918E18BFA40000D87926 /* Images.xcassets */ = {isa = PBXFileReference; lastKnownFileType = folder.assetcatalog; path = Images.xcassets; sourceTree = "<group>"; };
		BACC919418BFA40000D87926 /* QiniuDemoTests.xctest */ = {isa = PBXFileReference; explicitFileType = wrapper.cfbundle; includeInIndex = 0; path = QiniuDemoTests.xctest; sourceTree = BUILT_PRODUCTS_DIR; };
		BACC919518BFA40000D87926 /* XCTest.framework */ = {isa = PBXFileReference; lastKnownFileType = wrapper.framework; name = XCTest.framework; path = Library/Frameworks/XCTest.framework; sourceTree = DEVELOPER_DIR; };
		BACC919D18BFA40000D87926 /* QiniuDemoTests-Info.plist */ = {isa = PBXFileReference; lastKnownFileType = text.plist.xml; path = "QiniuDemoTests-Info.plist"; sourceTree = "<group>"; };
		BACC919F18BFA40000D87926 /* en */ = {isa = PBXFileReference; lastKnownFileType = text.plist.strings; name = en; path = en.lproj/InfoPlist.strings; sourceTree = "<group>"; };
		BACC91A118BFA40000D87926 /* QiniuDemoTests.m */ = {isa = PBXFileReference; lastKnownFileType = sourcecode.c.objc; path = QiniuDemoTests.m; sourceTree = "<group>"; };
		BAD594CB1978EE6D0026AC8B /* AFHTTPClient.h */ = {isa = PBXFileReference; fileEncoding = 4; lastKnownFileType = sourcecode.c.h; path = AFHTTPClient.h; sourceTree = "<group>"; };
		BAD594CC1978EE6D0026AC8B /* AFHTTPClient.m */ = {isa = PBXFileReference; fileEncoding = 4; lastKnownFileType = sourcecode.c.objc; path = AFHTTPClient.m; sourceTree = "<group>"; };
		BAD594CD1978EE6D0026AC8B /* AFHTTPRequestOperation.h */ = {isa = PBXFileReference; fileEncoding = 4; lastKnownFileType = sourcecode.c.h; path = AFHTTPRequestOperation.h; sourceTree = "<group>"; };
		BAD594CE1978EE6D0026AC8B /* AFHTTPRequestOperation.m */ = {isa = PBXFileReference; fileEncoding = 4; lastKnownFileType = sourcecode.c.objc; path = AFHTTPRequestOperation.m; sourceTree = "<group>"; };
		BAD594CF1978EE6D0026AC8B /* AFImageRequestOperation.h */ = {isa = PBXFileReference; fileEncoding = 4; lastKnownFileType = sourcecode.c.h; path = AFImageRequestOperation.h; sourceTree = "<group>"; };
		BAD594D01978EE6D0026AC8B /* AFImageRequestOperation.m */ = {isa = PBXFileReference; fileEncoding = 4; lastKnownFileType = sourcecode.c.objc; path = AFImageRequestOperation.m; sourceTree = "<group>"; };
		BAD594D11978EE6D0026AC8B /* AFJSONRequestOperation.h */ = {isa = PBXFileReference; fileEncoding = 4; lastKnownFileType = sourcecode.c.h; path = AFJSONRequestOperation.h; sourceTree = "<group>"; };
		BAD594D21978EE6D0026AC8B /* AFJSONRequestOperation.m */ = {isa = PBXFileReference; fileEncoding = 4; lastKnownFileType = sourcecode.c.objc; path = AFJSONRequestOperation.m; sourceTree = "<group>"; };
		BAD594D31978EE6D0026AC8B /* AFNetworkActivityIndicatorManager.h */ = {isa = PBXFileReference; fileEncoding = 4; lastKnownFileType = sourcecode.c.h; path = AFNetworkActivityIndicatorManager.h; sourceTree = "<group>"; };
		BAD594D41978EE6D0026AC8B /* AFNetworkActivityIndicatorManager.m */ = {isa = PBXFileReference; fileEncoding = 4; lastKnownFileType = sourcecode.c.objc; path = AFNetworkActivityIndicatorManager.m; sourceTree = "<group>"; };
		BAD594D51978EE6D0026AC8B /* AFNetworking.h */ = {isa = PBXFileReference; fileEncoding = 4; lastKnownFileType = sourcecode.c.h; path = AFNetworking.h; sourceTree = "<group>"; };
		BAD594D61978EE6D0026AC8B /* AFPropertyListRequestOperation.h */ = {isa = PBXFileReference; fileEncoding = 4; lastKnownFileType = sourcecode.c.h; path = AFPropertyListRequestOperation.h; sourceTree = "<group>"; };
		BAD594D71978EE6D0026AC8B /* AFPropertyListRequestOperation.m */ = {isa = PBXFileReference; fileEncoding = 4; lastKnownFileType = sourcecode.c.objc; path = AFPropertyListRequestOperation.m; sourceTree = "<group>"; };
		BAD594D81978EE6D0026AC8B /* AFURLConnectionOperation.h */ = {isa = PBXFileReference; fileEncoding = 4; lastKnownFileType = sourcecode.c.h; path = AFURLConnectionOperation.h; sourceTree = "<group>"; };
		BAD594D91978EE6D0026AC8B /* AFURLConnectionOperation.m */ = {isa = PBXFileReference; fileEncoding = 4; lastKnownFileType = sourcecode.c.objc; path = AFURLConnectionOperation.m; sourceTree = "<group>"; };
		BAD594DA1978EE6D0026AC8B /* AFXMLRequestOperation.h */ = {isa = PBXFileReference; fileEncoding = 4; lastKnownFileType = sourcecode.c.h; path = AFXMLRequestOperation.h; sourceTree = "<group>"; };
		BAD594DB1978EE6D0026AC8B /* AFXMLRequestOperation.m */ = {isa = PBXFileReference; fileEncoding = 4; lastKnownFileType = sourcecode.c.objc; path = AFXMLRequestOperation.m; sourceTree = "<group>"; };
		BAD594DC1978EE6D0026AC8B /* UIImageView+AFNetworking.h */ = {isa = PBXFileReference; fileEncoding = 4; lastKnownFileType = sourcecode.c.h; path = "UIImageView+AFNetworking.h"; sourceTree = "<group>"; };
		BAD594DD1978EE6D0026AC8B /* UIImageView+AFNetworking.m */ = {isa = PBXFileReference; fileEncoding = 4; lastKnownFileType = sourcecode.c.objc; path = "UIImageView+AFNetworking.m"; sourceTree = "<group>"; };
		BAD594DE1978EE6D0026AC8B /* QiniuBlkputRet.h */ = {isa = PBXFileReference; fileEncoding = 4; lastKnownFileType = sourcecode.c.h; path = QiniuBlkputRet.h; sourceTree = "<group>"; };
		BAD594DF1978EE6D0026AC8B /* QiniuBlkputRet.m */ = {isa = PBXFileReference; fileEncoding = 4; lastKnownFileType = sourcecode.c.objc; path = QiniuBlkputRet.m; sourceTree = "<group>"; };
		BAD594E01978EE6D0026AC8B /* QiniuConfig.h */ = {isa = PBXFileReference; fileEncoding = 4; lastKnownFileType = sourcecode.c.h; path = QiniuConfig.h; sourceTree = "<group>"; };
		BAD594E11978EE6D0026AC8B /* QiniuResumableClient.h */ = {isa = PBXFileReference; fileEncoding = 4; lastKnownFileType = sourcecode.c.h; path = QiniuResumableClient.h; sourceTree = "<group>"; };
		BAD594E21978EE6D0026AC8B /* QiniuResumableClient.m */ = {isa = PBXFileReference; fileEncoding = 4; lastKnownFileType = sourcecode.c.objc; path = QiniuResumableClient.m; sourceTree = "<group>"; };
		BAD594E31978EE6D0026AC8B /* QiniuResumableUploader.h */ = {isa = PBXFileReference; fileEncoding = 4; lastKnownFileType = sourcecode.c.h; path = QiniuResumableUploader.h; sourceTree = "<group>"; };
		BAD594E41978EE6D0026AC8B /* QiniuResumableUploader.m */ = {isa = PBXFileReference; fileEncoding = 4; lastKnownFileType = sourcecode.c.objc; path = QiniuResumableUploader.m; sourceTree = "<group>"; };
		BAD594E51978EE6D0026AC8B /* QiniuSDK-Prefix.pch */ = {isa = PBXFileReference; fileEncoding = 4; lastKnownFileType = sourcecode.c.h; path = "QiniuSDK-Prefix.pch"; sourceTree = "<group>"; };
		BAD594E61978EE6D0026AC8B /* QiniuSimpleUploader.h */ = {isa = PBXFileReference; fileEncoding = 4; lastKnownFileType = sourcecode.c.h; path = QiniuSimpleUploader.h; sourceTree = "<group>"; };
		BAD594E71978EE6D0026AC8B /* QiniuSimpleUploader.m */ = {isa = PBXFileReference; fileEncoding = 4; lastKnownFileType = sourcecode.c.objc; path = QiniuSimpleUploader.m; sourceTree = "<group>"; };
		BAD594E81978EE6D0026AC8B /* QiniuUploadDelegate.h */ = {isa = PBXFileReference; fileEncoding = 4; lastKnownFileType = sourcecode.c.h; path = QiniuUploadDelegate.h; sourceTree = "<group>"; };
		BAD594E91978EE6D0026AC8B /* QiniuUtils.h */ = {isa = PBXFileReference; fileEncoding = 4; lastKnownFileType = sourcecode.c.h; path = QiniuUtils.h; sourceTree = "<group>"; };
		BAD594EA1978EE6D0026AC8B /* QiniuUtils.m */ = {isa = PBXFileReference; fileEncoding = 4; lastKnownFileType = sourcecode.c.objc; path = QiniuUtils.m; sourceTree = "<group>"; };
/* End PBXFileReference section */

/* Begin PBXFrameworksBuildPhase section */
		BACC917018BFA40000D87926 /* Frameworks */ = {
			isa = PBXFrameworksBuildPhase;
			buildActionMask = 2147483647;
			files = (
				BACC917918BFA40000D87926 /* CoreGraphics.framework in Frameworks */,
				BACC917B18BFA40000D87926 /* UIKit.framework in Frameworks */,
				BACC917718BFA40000D87926 /* Foundation.framework in Frameworks */,
			);
			runOnlyForDeploymentPostprocessing = 0;
		};
		BACC919118BFA40000D87926 /* Frameworks */ = {
			isa = PBXFrameworksBuildPhase;
			buildActionMask = 2147483647;
			files = (
				BACC919618BFA40000D87926 /* XCTest.framework in Frameworks */,
				BACC919818BFA40000D87926 /* UIKit.framework in Frameworks */,
				BACC919718BFA40000D87926 /* Foundation.framework in Frameworks */,
			);
			runOnlyForDeploymentPostprocessing = 0;
		};
/* End PBXFrameworksBuildPhase section */

/* Begin PBXGroup section */
		BACC916A18BFA40000D87926 = {
			isa = PBXGroup;
			children = (
				BACC917C18BFA40000D87926 /* QiniuDemo */,
				BACC919B18BFA40000D87926 /* QiniuDemoTests */,
				BACC917518BFA40000D87926 /* Frameworks */,
				BACC917418BFA40000D87926 /* Products */,
			);
			sourceTree = "<group>";
		};
		BACC917418BFA40000D87926 /* Products */ = {
			isa = PBXGroup;
			children = (
				BACC917318BFA40000D87926 /* QiniuDemo.app */,
				BACC919418BFA40000D87926 /* QiniuDemoTests.xctest */,
			);
			name = Products;
			sourceTree = "<group>";
		};
		BACC917518BFA40000D87926 /* Frameworks */ = {
			isa = PBXGroup;
			children = (
				BACC917618BFA40000D87926 /* Foundation.framework */,
				BACC917818BFA40000D87926 /* CoreGraphics.framework */,
				BACC917A18BFA40000D87926 /* UIKit.framework */,
				BACC919518BFA40000D87926 /* XCTest.framework */,
			);
			name = Frameworks;
			sourceTree = "<group>";
		};
		BACC917C18BFA40000D87926 /* QiniuDemo */ = {
			isa = PBXGroup;
			children = (
				BAD594C91978EE6D0026AC8B /* QiniuSDK */,
				BACC918518BFA40000D87926 /* QiniuDemoAppDelegate.h */,
				BACC918618BFA40000D87926 /* QiniuDemoAppDelegate.m */,
				BACC918818BFA40000D87926 /* Main.storyboard */,
				BACC918B18BFA40000D87926 /* QiniuDemoViewController.h */,
				BACC918C18BFA40000D87926 /* QiniuDemoViewController.m */,
				BACC918E18BFA40000D87926 /* Images.xcassets */,
				BACC917D18BFA40000D87926 /* Supporting Files */,
			);
			path = QiniuDemo;
			sourceTree = "<group>";
		};
		BACC917D18BFA40000D87926 /* Supporting Files */ = {
			isa = PBXGroup;
			children = (
				BACC917E18BFA40000D87926 /* QiniuDemo-Info.plist */,
				BACC917F18BFA40000D87926 /* InfoPlist.strings */,
				BACC918218BFA40000D87926 /* main.m */,
				BACC918418BFA40000D87926 /* QiniuDemo-Prefix.pch */,
			);
			name = "Supporting Files";
			sourceTree = "<group>";
		};
		BACC919B18BFA40000D87926 /* QiniuDemoTests */ = {
			isa = PBXGroup;
			children = (
				BACC91A118BFA40000D87926 /* QiniuDemoTests.m */,
				BACC919C18BFA40000D87926 /* Supporting Files */,
			);
			path = QiniuDemoTests;
			sourceTree = "<group>";
		};
		BACC919C18BFA40000D87926 /* Supporting Files */ = {
			isa = PBXGroup;
			children = (
				BACC919D18BFA40000D87926 /* QiniuDemoTests-Info.plist */,
				BACC919E18BFA40000D87926 /* InfoPlist.strings */,
			);
			name = "Supporting Files";
			sourceTree = "<group>";
		};
		BAD594C91978EE6D0026AC8B /* QiniuSDK */ = {
			isa = PBXGroup;
			children = (
				BAD594CA1978EE6D0026AC8B /* AFNetworking */,
				BAD594DE1978EE6D0026AC8B /* QiniuBlkputRet.h */,
				BAD594DF1978EE6D0026AC8B /* QiniuBlkputRet.m */,
				BAD594E01978EE6D0026AC8B /* QiniuConfig.h */,
				BAD594E11978EE6D0026AC8B /* QiniuResumableClient.h */,
				BAD594E21978EE6D0026AC8B /* QiniuResumableClient.m */,
				BAD594E31978EE6D0026AC8B /* QiniuResumableUploader.h */,
				BAD594E41978EE6D0026AC8B /* QiniuResumableUploader.m */,
				BAD594E51978EE6D0026AC8B /* QiniuSDK-Prefix.pch */,
				BAD594E61978EE6D0026AC8B /* QiniuSimpleUploader.h */,
				BAD594E71978EE6D0026AC8B /* QiniuSimpleUploader.m */,
				BAD594E81978EE6D0026AC8B /* QiniuUploadDelegate.h */,
				BAD594E91978EE6D0026AC8B /* QiniuUtils.h */,
				BAD594EA1978EE6D0026AC8B /* QiniuUtils.m */,
			);
			name = QiniuSDK;
			path = ../../QiniuSDK;
			sourceTree = "<group>";
		};
		BAD594CA1978EE6D0026AC8B /* AFNetworking */ = {
			isa = PBXGroup;
			children = (
				BAD594CB1978EE6D0026AC8B /* AFHTTPClient.h */,
				BAD594CC1978EE6D0026AC8B /* AFHTTPClient.m */,
				BAD594CD1978EE6D0026AC8B /* AFHTTPRequestOperation.h */,
				BAD594CE1978EE6D0026AC8B /* AFHTTPRequestOperation.m */,
				BAD594CF1978EE6D0026AC8B /* AFImageRequestOperation.h */,
				BAD594D01978EE6D0026AC8B /* AFImageRequestOperation.m */,
				BAD594D11978EE6D0026AC8B /* AFJSONRequestOperation.h */,
				BAD594D21978EE6D0026AC8B /* AFJSONRequestOperation.m */,
				BAD594D31978EE6D0026AC8B /* AFNetworkActivityIndicatorManager.h */,
				BAD594D41978EE6D0026AC8B /* AFNetworkActivityIndicatorManager.m */,
				BAD594D51978EE6D0026AC8B /* AFNetworking.h */,
				BAD594D61978EE6D0026AC8B /* AFPropertyListRequestOperation.h */,
				BAD594D71978EE6D0026AC8B /* AFPropertyListRequestOperation.m */,
				BAD594D81978EE6D0026AC8B /* AFURLConnectionOperation.h */,
				BAD594D91978EE6D0026AC8B /* AFURLConnectionOperation.m */,
				BAD594DA1978EE6D0026AC8B /* AFXMLRequestOperation.h */,
				BAD594DB1978EE6D0026AC8B /* AFXMLRequestOperation.m */,
				BAD594DC1978EE6D0026AC8B /* UIImageView+AFNetworking.h */,
				BAD594DD1978EE6D0026AC8B /* UIImageView+AFNetworking.m */,
			);
			path = AFNetworking;
			sourceTree = "<group>";
		};
/* End PBXGroup section */

/* Begin PBXNativeTarget section */
		BACC917218BFA40000D87926 /* QiniuDemo */ = {
			isa = PBXNativeTarget;
			buildConfigurationList = BACC91A518BFA40000D87926 /* Build configuration list for PBXNativeTarget "QiniuDemo" */;
			buildPhases = (
				BACC916F18BFA40000D87926 /* Sources */,
				BACC917018BFA40000D87926 /* Frameworks */,
				BACC917118BFA40000D87926 /* Resources */,
			);
			buildRules = (
			);
			dependencies = (
			);
			name = QiniuDemo;
			productName = QiniuDemo;
			productReference = BACC917318BFA40000D87926 /* QiniuDemo.app */;
			productType = "com.apple.product-type.application";
		};
		BACC919318BFA40000D87926 /* QiniuDemoTests */ = {
			isa = PBXNativeTarget;
			buildConfigurationList = BACC91A818BFA40000D87926 /* Build configuration list for PBXNativeTarget "QiniuDemoTests" */;
			buildPhases = (
				BACC919018BFA40000D87926 /* Sources */,
				BACC919118BFA40000D87926 /* Frameworks */,
				BACC919218BFA40000D87926 /* Resources */,
			);
			buildRules = (
			);
			dependencies = (
				BACC919A18BFA40000D87926 /* PBXTargetDependency */,
			);
			name = QiniuDemoTests;
			productName = QiniuDemoTests;
			productReference = BACC919418BFA40000D87926 /* QiniuDemoTests.xctest */;
			productType = "com.apple.product-type.bundle.unit-test";
		};
/* End PBXNativeTarget section */

/* Begin PBXProject section */
		BACC916B18BFA40000D87926 /* Project object */ = {
			isa = PBXProject;
			attributes = {
				CLASSPREFIX = QiniuDemo;
				LastUpgradeCheck = 0510;
				ORGANIZATIONNAME = Qiniu;
				TargetAttributes = {
					BACC919318BFA40000D87926 = {
						TestTargetID = BACC917218BFA40000D87926;
					};
				};
			};
			buildConfigurationList = BACC916E18BFA40000D87926 /* Build configuration list for PBXProject "QiniuDemo" */;
			compatibilityVersion = "Xcode 3.2";
			developmentRegion = English;
			hasScannedForEncodings = 0;
			knownRegions = (
				en,
				Base,
			);
			mainGroup = BACC916A18BFA40000D87926;
			productRefGroup = BACC917418BFA40000D87926 /* Products */;
			projectDirPath = "";
			projectRoot = "";
			targets = (
				BACC917218BFA40000D87926 /* QiniuDemo */,
				BACC919318BFA40000D87926 /* QiniuDemoTests */,
			);
		};
/* End PBXProject section */

/* Begin PBXResourcesBuildPhase section */
		BACC917118BFA40000D87926 /* Resources */ = {
			isa = PBXResourcesBuildPhase;
			buildActionMask = 2147483647;
			files = (
				BACC918F18BFA40000D87926 /* Images.xcassets in Resources */,
				BACC918118BFA40000D87926 /* InfoPlist.strings in Resources */,
				BACC918A18BFA40000D87926 /* Main.storyboard in Resources */,
			);
			runOnlyForDeploymentPostprocessing = 0;
		};
		BACC919218BFA40000D87926 /* Resources */ = {
			isa = PBXResourcesBuildPhase;
			buildActionMask = 2147483647;
			files = (
				BACC91A018BFA40000D87926 /* InfoPlist.strings in Resources */,
			);
			runOnlyForDeploymentPostprocessing = 0;
		};
/* End PBXResourcesBuildPhase section */

/* Begin PBXSourcesBuildPhase section */
		BACC916F18BFA40000D87926 /* Sources */ = {
			isa = PBXSourcesBuildPhase;
			buildActionMask = 2147483647;
			files = (
				BAD594F51978EE6D0026AC8B /* QiniuResumableClient.m in Sources */,
				BAD594ED1978EE6D0026AC8B /* AFImageRequestOperation.m in Sources */,
				BACC918718BFA40000D87926 /* QiniuDemoAppDelegate.m in Sources */,
				BAD594F01978EE6D0026AC8B /* AFPropertyListRequestOperation.m in Sources */,
				BACC918D18BFA40000D87926 /* QiniuDemoViewController.m in Sources */,
				BAD594F81978EE6D0026AC8B /* QiniuUtils.m in Sources */,
				BAD594F41978EE6D0026AC8B /* QiniuBlkputRet.m in Sources */,
				BAD594F11978EE6D0026AC8B /* AFURLConnectionOperation.m in Sources */,
				BAD594F61978EE6D0026AC8B /* QiniuResumableUploader.m in Sources */,
				BAD594F21978EE6D0026AC8B /* AFXMLRequestOperation.m in Sources */,
				BAD594EE1978EE6D0026AC8B /* AFJSONRequestOperation.m in Sources */,
				BAD594F31978EE6D0026AC8B /* UIImageView+AFNetworking.m in Sources */,
				BAD594EF1978EE6D0026AC8B /* AFNetworkActivityIndicatorManager.m in Sources */,
				BAD594F71978EE6D0026AC8B /* QiniuSimpleUploader.m in Sources */,
				BAD594EC1978EE6D0026AC8B /* AFHTTPRequestOperation.m in Sources */,
				BACC918318BFA40000D87926 /* main.m in Sources */,
				BAD594EB1978EE6D0026AC8B /* AFHTTPClient.m in Sources */,
			);
			runOnlyForDeploymentPostprocessing = 0;
		};
		BACC919018BFA40000D87926 /* Sources */ = {
			isa = PBXSourcesBuildPhase;
			buildActionMask = 2147483647;
			files = (
				BACC91A218BFA40000D87926 /* QiniuDemoTests.m in Sources */,
			);
			runOnlyForDeploymentPostprocessing = 0;
		};
/* End PBXSourcesBuildPhase section */

/* Begin PBXTargetDependency section */
		BACC919A18BFA40000D87926 /* PBXTargetDependency */ = {
			isa = PBXTargetDependency;
			target = BACC917218BFA40000D87926 /* QiniuDemo */;
			targetProxy = BACC919918BFA40000D87926 /* PBXContainerItemProxy */;
		};
/* End PBXTargetDependency section */

/* Begin PBXVariantGroup section */
		BACC917F18BFA40000D87926 /* InfoPlist.strings */ = {
			isa = PBXVariantGroup;
			children = (
				BACC918018BFA40000D87926 /* en */,
			);
			name = InfoPlist.strings;
			sourceTree = "<group>";
		};
		BACC918818BFA40000D87926 /* Main.storyboard */ = {
			isa = PBXVariantGroup;
			children = (
				BACC918918BFA40000D87926 /* Base */,
			);
			name = Main.storyboard;
			sourceTree = "<group>";
		};
		BACC919E18BFA40000D87926 /* InfoPlist.strings */ = {
			isa = PBXVariantGroup;
			children = (
				BACC919F18BFA40000D87926 /* en */,
			);
			name = InfoPlist.strings;
			sourceTree = "<group>";
		};
/* End PBXVariantGroup section */

/* Begin XCBuildConfiguration section */
		BACC91A318BFA40000D87926 /* Debug */ = {
			isa = XCBuildConfiguration;
			buildSettings = {
				ALWAYS_SEARCH_USER_PATHS = NO;
				CLANG_CXX_LANGUAGE_STANDARD = "gnu++0x";
				CLANG_CXX_LIBRARY = "libc++";
				CLANG_ENABLE_MODULES = YES;
				CLANG_ENABLE_OBJC_ARC = YES;
				CLANG_WARN_BOOL_CONVERSION = YES;
				CLANG_WARN_CONSTANT_CONVERSION = YES;
				CLANG_WARN_DIRECT_OBJC_ISA_USAGE = YES_ERROR;
				CLANG_WARN_EMPTY_BODY = YES;
				CLANG_WARN_ENUM_CONVERSION = YES;
				CLANG_WARN_INT_CONVERSION = YES;
				CLANG_WARN_OBJC_ROOT_CLASS = YES_ERROR;
				CLANG_WARN__DUPLICATE_METHOD_MATCH = YES;
				"CODE_SIGN_IDENTITY[sdk=iphoneos*]" = "iPhone Developer";
				COPY_PHASE_STRIP = NO;
				GCC_C_LANGUAGE_STANDARD = gnu99;
				GCC_DYNAMIC_NO_PIC = NO;
				GCC_OPTIMIZATION_LEVEL = 0;
				GCC_PREPROCESSOR_DEFINITIONS = (
					"DEBUG=1",
					"$(inherited)",
				);
				GCC_SYMBOLS_PRIVATE_EXTERN = NO;
				GCC_WARN_64_TO_32_BIT_CONVERSION = YES;
				GCC_WARN_ABOUT_RETURN_TYPE = YES_ERROR;
				GCC_WARN_UNDECLARED_SELECTOR = YES;
				GCC_WARN_UNINITIALIZED_AUTOS = YES;
				GCC_WARN_UNUSED_FUNCTION = YES;
				GCC_WARN_UNUSED_VARIABLE = YES;
				IPHONEOS_DEPLOYMENT_TARGET = 7.0;
				ONLY_ACTIVE_ARCH = YES;
				SDKROOT = iphoneos;
			};
			name = Debug;
		};
		BACC91A418BFA40000D87926 /* Release */ = {
			isa = XCBuildConfiguration;
			buildSettings = {
				ALWAYS_SEARCH_USER_PATHS = NO;
				CLANG_CXX_LANGUAGE_STANDARD = "gnu++0x";
				CLANG_CXX_LIBRARY = "libc++";
				CLANG_ENABLE_MODULES = YES;
				CLANG_ENABLE_OBJC_ARC = YES;
				CLANG_WARN_BOOL_CONVERSION = YES;
				CLANG_WARN_CONSTANT_CONVERSION = YES;
				CLANG_WARN_DIRECT_OBJC_ISA_USAGE = YES_ERROR;
				CLANG_WARN_EMPTY_BODY = YES;
				CLANG_WARN_ENUM_CONVERSION = YES;
				CLANG_WARN_INT_CONVERSION = YES;
				CLANG_WARN_OBJC_ROOT_CLASS = YES_ERROR;
				CLANG_WARN__DUPLICATE_METHOD_MATCH = YES;
				"CODE_SIGN_IDENTITY[sdk=iphoneos*]" = "iPhone Developer";
				COPY_PHASE_STRIP = YES;
				ENABLE_NS_ASSERTIONS = NO;
				GCC_C_LANGUAGE_STANDARD = gnu99;
				GCC_WARN_64_TO_32_BIT_CONVERSION = YES;
				GCC_WARN_ABOUT_RETURN_TYPE = YES_ERROR;
				GCC_WARN_UNDECLARED_SELECTOR = YES;
				GCC_WARN_UNINITIALIZED_AUTOS = YES;
				GCC_WARN_UNUSED_FUNCTION = YES;
				GCC_WARN_UNUSED_VARIABLE = YES;
				IPHONEOS_DEPLOYMENT_TARGET = 7.0;
				SDKROOT = iphoneos;
				VALIDATE_PRODUCT = YES;
			};
			name = Release;
		};
		BACC91A618BFA40000D87926 /* Debug */ = {
			isa = XCBuildConfiguration;
			buildSettings = {
				ASSETCATALOG_COMPILER_APPICON_NAME = AppIcon;
				ASSETCATALOG_COMPILER_LAUNCHIMAGE_NAME = LaunchImage;
				GCC_PRECOMPILE_PREFIX_HEADER = YES;
				GCC_PREFIX_HEADER = "QiniuDemo/QiniuDemo-Prefix.pch";
				HEADER_SEARCH_PATHS = (
					"$(inherited)",
					/Applications/Xcode.app/Contents/Developer/Toolchains/XcodeDefault.xctoolchain/usr/include,
				);
				INFOPLIST_FILE = "QiniuDemo/QiniuDemo-Info.plist";
				PRODUCT_NAME = "$(TARGET_NAME)";
				WRAPPER_EXTENSION = app;
			};
			name = Debug;
		};
		BACC91A718BFA40000D87926 /* Release */ = {
			isa = XCBuildConfiguration;
			buildSettings = {
				ASSETCATALOG_COMPILER_APPICON_NAME = AppIcon;
				ASSETCATALOG_COMPILER_LAUNCHIMAGE_NAME = LaunchImage;
				GCC_PRECOMPILE_PREFIX_HEADER = YES;
				GCC_PREFIX_HEADER = "QiniuDemo/QiniuDemo-Prefix.pch";
				HEADER_SEARCH_PATHS = (
					"$(inherited)",
					/Applications/Xcode.app/Contents/Developer/Toolchains/XcodeDefault.xctoolchain/usr/include,
				);
				INFOPLIST_FILE = "QiniuDemo/QiniuDemo-Info.plist";
				PRODUCT_NAME = "$(TARGET_NAME)";
				WRAPPER_EXTENSION = app;
			};
			name = Release;
		};
		BACC91A918BFA40000D87926 /* Debug */ = {
			isa = XCBuildConfiguration;
			buildSettings = {
				BUNDLE_LOADER = "$(BUILT_PRODUCTS_DIR)/QiniuDemo.app/QiniuDemo";
				FRAMEWORK_SEARCH_PATHS = (
					"$(SDKROOT)/Developer/Library/Frameworks",
					"$(inherited)",
					"$(DEVELOPER_FRAMEWORKS_DIR)",
				);
				GCC_PRECOMPILE_PREFIX_HEADER = YES;
				GCC_PREFIX_HEADER = "QiniuDemo/QiniuDemo-Prefix.pch";
				GCC_PREPROCESSOR_DEFINITIONS = (
					"DEBUG=1",
					"$(inherited)",
				);
				INFOPLIST_FILE = "QiniuDemoTests/QiniuDemoTests-Info.plist";
				PRODUCT_NAME = "$(TARGET_NAME)";
				TEST_HOST = "$(BUNDLE_LOADER)";
				WRAPPER_EXTENSION = xctest;
			};
			name = Debug;
		};
		BACC91AA18BFA40000D87926 /* Release */ = {
			isa = XCBuildConfiguration;
			buildSettings = {
				BUNDLE_LOADER = "$(BUILT_PRODUCTS_DIR)/QiniuDemo.app/QiniuDemo";
				FRAMEWORK_SEARCH_PATHS = (
					"$(SDKROOT)/Developer/Library/Frameworks",
					"$(inherited)",
					"$(DEVELOPER_FRAMEWORKS_DIR)",
				);
				GCC_PRECOMPILE_PREFIX_HEADER = YES;
				GCC_PREFIX_HEADER = "QiniuDemo/QiniuDemo-Prefix.pch";
				INFOPLIST_FILE = "QiniuDemoTests/QiniuDemoTests-Info.plist";
				PRODUCT_NAME = "$(TARGET_NAME)";
				TEST_HOST = "$(BUNDLE_LOADER)";
				WRAPPER_EXTENSION = xctest;
			};
			name = Release;
		};
/* End XCBuildConfiguration section */

/* Begin XCConfigurationList section */
		BACC916E18BFA40000D87926 /* Build configuration list for PBXProject "QiniuDemo" */ = {
			isa = XCConfigurationList;
			buildConfigurations = (
				BACC91A318BFA40000D87926 /* Debug */,
				BACC91A418BFA40000D87926 /* Release */,
			);
			defaultConfigurationIsVisible = 0;
			defaultConfigurationName = Release;
		};
		BACC91A518BFA40000D87926 /* Build configuration list for PBXNativeTarget "QiniuDemo" */ = {
			isa = XCConfigurationList;
			buildConfigurations = (
				BACC91A618BFA40000D87926 /* Debug */,
				BACC91A718BFA40000D87926 /* Release */,
			);
			defaultConfigurationIsVisible = 0;
			defaultConfigurationName = Release;
		};
		BACC91A818BFA40000D87926 /* Build configuration list for PBXNativeTarget "QiniuDemoTests" */ = {
			isa = XCConfigurationList;
			buildConfigurations = (
				BACC91A918BFA40000D87926 /* Debug */,
				BACC91AA18BFA40000D87926 /* Release */,
			);
			defaultConfigurationIsVisible = 0;
			defaultConfigurationName = Release;
		};
/* End XCConfigurationList section */
	};
	rootObject = BACC916B18BFA40000D87926 /* Project object */;
}
