// !$*UTF8*$!
{
	archiveVersion = 1;
	classes = {
	};
	objectVersion = 46;
	objects = {

/* Begin PBXBuildFile section */
		30A4FA7D15AB479A00556403 /* auth_policy.m in Sources */ = {isa = PBXBuildFile; fileRef = 30A4FA6915AB479900556403 /* auth_policy.m */; };
		30A4FA7E15AB479A00556403 /* base_io.m in Sources */ = {isa = PBXBuildFile; fileRef = 30A4FA6B15AB479900556403 /* base_io.m */; };
		30A4FA7F15AB479A00556403 /* base.m in Sources */ = {isa = PBXBuildFile; fileRef = 30A4FA6C15AB479900556403 /* base.m */; };
		30A4FA8015AB479A00556403 /* conf.c in Sources */ = {isa = PBXBuildFile; fileRef = 30A4FA6E15AB479900556403 /* conf.c */; };
		30A4FA8115AB479A00556403 /* oauth2_digest.m in Sources */ = {isa = PBXBuildFile; fileRef = 30A4FA7015AB479900556403 /* oauth2_digest.m */; };
		30A4FA8315AB479A00556403 /* oauth2_uptoken.m in Sources */ = {isa = PBXBuildFile; fileRef = 30A4FA7315AB479A00556403 /* oauth2_uptoken.m */; };
		30A4FA8415AB479A00556403 /* oauth2.m in Sources */ = {isa = PBXBuildFile; fileRef = 30A4FA7415AB479A00556403 /* oauth2.m */; };
		30A4FA8515AB479A00556403 /* rs_up.m in Sources */ = {isa = PBXBuildFile; fileRef = 30A4FA7615AB479A00556403 /* rs_up.m */; };
		30A4FA8615AB479A00556403 /* rs.m in Sources */ = {isa = PBXBuildFile; fileRef = 30A4FA7715AB479A00556403 /* rs.m */; };
		30A4FA8815AB479A00556403 /* up.m in Sources */ = {isa = PBXBuildFile; fileRef = 30A4FA7B15AB479A00556403 /* up.m */; };
		30A4FAA015AD614B00556403 /* b64.c in Sources */ = {isa = PBXBuildFile; fileRef = 30A4FA9C15AD614B00556403 /* b64.c */; };
		30A4FAA115AD614B00556403 /* urlsafe_b64.c in Sources */ = {isa = PBXBuildFile; fileRef = 30A4FA9E15AD614B00556403 /* urlsafe_b64.c */; };
		30A4FAA515AD616000556403 /* cJSON.c in Sources */ = {isa = PBXBuildFile; fileRef = 30A4FAA315AD616000556403 /* cJSON.c */; };
		8D881140146025640078BE31 /* UIKit.framework in Frameworks */ = {isa = PBXBuildFile; fileRef = 8D88113F146025640078BE31 /* UIKit.framework */; };
		8D881142146025640078BE31 /* Foundation.framework in Frameworks */ = {isa = PBXBuildFile; fileRef = 8D881141146025640078BE31 /* Foundation.framework */; };
		8D881144146025640078BE31 /* CoreGraphics.framework in Frameworks */ = {isa = PBXBuildFile; fileRef = 8D881143146025640078BE31 /* CoreGraphics.framework */; };
		8D88114A146025640078BE31 /* InfoPlist.strings in Resources */ = {isa = PBXBuildFile; fileRef = 8D881148146025640078BE31 /* InfoPlist.strings */; };
		8D88114C146025640078BE31 /* main.m in Sources */ = {isa = PBXBuildFile; fileRef = 8D88114B146025640078BE31 /* main.m */; };
		8D881150146025640078BE31 /* DPAppDelegate.m in Sources */ = {isa = PBXBuildFile; fileRef = 8D88114F146025640078BE31 /* DPAppDelegate.m */; };
		8D881153146025640078BE31 /* DPViewController.m in Sources */ = {isa = PBXBuildFile; fileRef = 8D881152146025640078BE31 /* DPViewController.m */; };
		8D881156146025640078BE31 /* DPViewController.xib in Resources */ = {isa = PBXBuildFile; fileRef = 8D881154146025640078BE31 /* DPViewController.xib */; };
		8D8811671460283F0078BE31 /* MultipartHelper.m in Sources */ = {isa = PBXBuildFile; fileRef = 8D8811661460283F0078BE31 /* MultipartHelper.m */; };
		8D88117A14602D4D0078BE31 /* rscli.m in Sources */ = {isa = PBXBuildFile; fileRef = 8D88117914602D4D0078BE31 /* rscli.m */; };
		8D88118E146036D40078BE31 /* AssetsLibrary.framework in Frameworks */ = {isa = PBXBuildFile; fileRef = 8D88118D146036D40078BE31 /* AssetsLibrary.framework */; };
		8D881190146036E50078BE31 /* MobileCoreServices.framework in Frameworks */ = {isa = PBXBuildFile; fileRef = 8D88118F146036E50078BE31 /* MobileCoreServices.framework */; };
/* End PBXBuildFile section */

/* Begin PBXFileReference section */
		30A4FA6915AB479900556403 /* auth_policy.m */ = {isa = PBXFileReference; fileEncoding = 4; lastKnownFileType = sourcecode.c.objc; path = auth_policy.m; sourceTree = "<group>"; };
		30A4FA6A15AB479900556403 /* auth_policy.h */ = {isa = PBXFileReference; fileEncoding = 4; lastKnownFileType = sourcecode.c.h; path = auth_policy.h; sourceTree = "<group>"; };
		30A4FA6B15AB479900556403 /* base_io.m */ = {isa = PBXFileReference; fileEncoding = 4; lastKnownFileType = sourcecode.c.objc; path = base_io.m; sourceTree = "<group>"; };
		30A4FA6C15AB479900556403 /* base.m */ = {isa = PBXFileReference; fileEncoding = 4; lastKnownFileType = sourcecode.c.objc; path = base.m; sourceTree = "<group>"; };
		30A4FA6D15AB479900556403 /* base.h */ = {isa = PBXFileReference; fileEncoding = 4; lastKnownFileType = sourcecode.c.h; path = base.h; sourceTree = "<group>"; };
		30A4FA6E15AB479900556403 /* conf.c */ = {isa = PBXFileReference; fileEncoding = 4; lastKnownFileType = sourcecode.c.c; path = conf.c; sourceTree = "<group>"; };
		30A4FA6F15AB479900556403 /* conf.h */ = {isa = PBXFileReference; fileEncoding = 4; lastKnownFileType = sourcecode.c.h; path = conf.h; sourceTree = "<group>"; };
		30A4FA7015AB479900556403 /* oauth2_digest.m */ = {isa = PBXFileReference; fileEncoding = 4; lastKnownFileType = sourcecode.c.objc; path = oauth2_digest.m; sourceTree = "<group>"; };
		30A4FA7315AB479A00556403 /* oauth2_uptoken.m */ = {isa = PBXFileReference; fileEncoding = 4; lastKnownFileType = sourcecode.c.objc; path = oauth2_uptoken.m; sourceTree = "<group>"; };
		30A4FA7415AB479A00556403 /* oauth2.m */ = {isa = PBXFileReference; fileEncoding = 4; lastKnownFileType = sourcecode.c.objc; path = oauth2.m; sourceTree = "<group>"; };
		30A4FA7515AB479A00556403 /* oauth2.h */ = {isa = PBXFileReference; fileEncoding = 4; lastKnownFileType = sourcecode.c.h; path = oauth2.h; sourceTree = "<group>"; };
		30A4FA7615AB479A00556403 /* rs_up.m */ = {isa = PBXFileReference; fileEncoding = 4; lastKnownFileType = sourcecode.c.objc; path = rs_up.m; sourceTree = "<group>"; };
		30A4FA7715AB479A00556403 /* rs.m */ = {isa = PBXFileReference; fileEncoding = 4; lastKnownFileType = sourcecode.c.objc; path = rs.m; sourceTree = "<group>"; };
		30A4FA7815AB479A00556403 /* rs.h */ = {isa = PBXFileReference; fileEncoding = 4; lastKnownFileType = sourcecode.c.h; path = rs.h; sourceTree = "<group>"; };
		30A4FA7B15AB479A00556403 /* up.m */ = {isa = PBXFileReference; fileEncoding = 4; lastKnownFileType = sourcecode.c.objc; path = up.m; sourceTree = "<group>"; };
		30A4FA7C15AB479A00556403 /* up.h */ = {isa = PBXFileReference; fileEncoding = 4; lastKnownFileType = sourcecode.c.h; path = up.h; sourceTree = "<group>"; };
		30A4FA9C15AD614B00556403 /* b64.c */ = {isa = PBXFileReference; fileEncoding = 4; lastKnownFileType = sourcecode.c.c; path = b64.c; sourceTree = "<group>"; };
		30A4FA9D15AD614B00556403 /* b64.h */ = {isa = PBXFileReference; fileEncoding = 4; lastKnownFileType = sourcecode.c.h; path = b64.h; sourceTree = "<group>"; };
		30A4FA9E15AD614B00556403 /* urlsafe_b64.c */ = {isa = PBXFileReference; fileEncoding = 4; lastKnownFileType = sourcecode.c.c; path = urlsafe_b64.c; sourceTree = "<group>"; };
		30A4FA9F15AD614B00556403 /* urlsafe_b64.h */ = {isa = PBXFileReference; fileEncoding = 4; lastKnownFileType = sourcecode.c.h; path = urlsafe_b64.h; sourceTree = "<group>"; };
		30A4FAA315AD616000556403 /* cJSON.c */ = {isa = PBXFileReference; fileEncoding = 4; lastKnownFileType = sourcecode.c.c; path = cJSON.c; sourceTree = "<group>"; };
		30A4FAA415AD616000556403 /* cJSON.h */ = {isa = PBXFileReference; fileEncoding = 4; lastKnownFileType = sourcecode.c.h; path = cJSON.h; sourceTree = "<group>"; };
		8D88113B146025640078BE31 /* Demo.app */ = {isa = PBXFileReference; explicitFileType = wrapper.application; includeInIndex = 0; path = Demo.app; sourceTree = BUILT_PRODUCTS_DIR; };
		8D88113F146025640078BE31 /* UIKit.framework */ = {isa = PBXFileReference; lastKnownFileType = wrapper.framework; name = UIKit.framework; path = System/Library/Frameworks/UIKit.framework; sourceTree = SDKROOT; };
		8D881141146025640078BE31 /* Foundation.framework */ = {isa = PBXFileReference; lastKnownFileType = wrapper.framework; name = Foundation.framework; path = System/Library/Frameworks/Foundation.framework; sourceTree = SDKROOT; };
		8D881143146025640078BE31 /* CoreGraphics.framework */ = {isa = PBXFileReference; lastKnownFileType = wrapper.framework; name = CoreGraphics.framework; path = System/Library/Frameworks/CoreGraphics.framework; sourceTree = SDKROOT; };
		8D881147146025640078BE31 /* Demo-Info.plist */ = {isa = PBXFileReference; lastKnownFileType = text.plist.xml; path = "Demo-Info.plist"; sourceTree = "<group>"; };
		8D881149146025640078BE31 /* en */ = {isa = PBXFileReference; lastKnownFileType = text.plist.strings; name = en; path = en.lproj/InfoPlist.strings; sourceTree = "<group>"; };
		8D88114B146025640078BE31 /* main.m */ = {isa = PBXFileReference; lastKnownFileType = sourcecode.c.objc; path = main.m; sourceTree = "<group>"; };
		8D88114D146025640078BE31 /* Demo-Prefix.pch */ = {isa = PBXFileReference; lastKnownFileType = sourcecode.c.h; path = "Demo-Prefix.pch"; sourceTree = "<group>"; };
		8D88114E146025640078BE31 /* DPAppDelegate.h */ = {isa = PBXFileReference; lastKnownFileType = sourcecode.c.h; path = DPAppDelegate.h; sourceTree = "<group>"; };
		8D88114F146025640078BE31 /* DPAppDelegate.m */ = {isa = PBXFileReference; lastKnownFileType = sourcecode.c.objc; path = DPAppDelegate.m; sourceTree = "<group>"; };
		8D881151146025640078BE31 /* DPViewController.h */ = {isa = PBXFileReference; lastKnownFileType = sourcecode.c.h; path = DPViewController.h; sourceTree = "<group>"; };
		8D881152146025640078BE31 /* DPViewController.m */ = {isa = PBXFileReference; lastKnownFileType = sourcecode.c.objc; path = DPViewController.m; sourceTree = "<group>"; };
		8D881155146025640078BE31 /* en */ = {isa = PBXFileReference; lastKnownFileType = file.xib; name = en; path = en.lproj/DPViewController.xib; sourceTree = "<group>"; };
		8D8811651460283F0078BE31 /* MultipartHelper.h */ = {isa = PBXFileReference; fileEncoding = 4; lastKnownFileType = sourcecode.c.h; path = MultipartHelper.h; sourceTree = "<group>"; };
		8D8811661460283F0078BE31 /* MultipartHelper.m */ = {isa = PBXFileReference; fileEncoding = 4; lastKnownFileType = sourcecode.c.objc; path = MultipartHelper.m; sourceTree = "<group>"; };
		8D88117814602D4D0078BE31 /* rscli.h */ = {isa = PBXFileReference; fileEncoding = 4; lastKnownFileType = sourcecode.c.h; path = rscli.h; sourceTree = "<group>"; };
		8D88117914602D4D0078BE31 /* rscli.m */ = {isa = PBXFileReference; fileEncoding = 4; lastKnownFileType = sourcecode.c.objc; path = rscli.m; sourceTree = "<group>"; };
		8D88118D146036D40078BE31 /* AssetsLibrary.framework */ = {isa = PBXFileReference; lastKnownFileType = wrapper.framework; name = AssetsLibrary.framework; path = System/Library/Frameworks/AssetsLibrary.framework; sourceTree = SDKROOT; };
		8D88118F146036E50078BE31 /* MobileCoreServices.framework */ = {isa = PBXFileReference; lastKnownFileType = wrapper.framework; name = MobileCoreServices.framework; path = System/Library/Frameworks/MobileCoreServices.framework; sourceTree = SDKROOT; };
		8D881191146037F30078BE31 /* Constants.h */ = {isa = PBXFileReference; fileEncoding = 4; lastKnownFileType = sourcecode.c.h; path = Constants.h; sourceTree = "<group>"; };
/* End PBXFileReference section */

/* Begin PBXFrameworksBuildPhase section */
		8D881138146025640078BE31 /* Frameworks */ = {
			isa = PBXFrameworksBuildPhase;
			buildActionMask = 2147483647;
			files = (
				8D881190146036E50078BE31 /* MobileCoreServices.framework in Frameworks */,
				8D88118E146036D40078BE31 /* AssetsLibrary.framework in Frameworks */,
				8D881140146025640078BE31 /* UIKit.framework in Frameworks */,
				8D881142146025640078BE31 /* Foundation.framework in Frameworks */,
				8D881144146025640078BE31 /* CoreGraphics.framework in Frameworks */,
			);
			runOnlyForDeploymentPostprocessing = 0;
		};
/* End PBXFrameworksBuildPhase section */

/* Begin PBXGroup section */
		30A4FA9B15AD613B00556403 /* b64 */ = {
			isa = PBXGroup;
			children = (
				30A4FA9C15AD614B00556403 /* b64.c */,
				30A4FA9D15AD614B00556403 /* b64.h */,
				30A4FA9E15AD614B00556403 /* urlsafe_b64.c */,
				30A4FA9F15AD614B00556403 /* urlsafe_b64.h */,
			);
			name = b64;
			sourceTree = "<group>";
		};
		30A4FAA215AD615200556403 /* cJSON */ = {
			isa = PBXGroup;
			children = (
				30A4FAA315AD616000556403 /* cJSON.c */,
				30A4FAA415AD616000556403 /* cJSON.h */,
			);
			name = cJSON;
			sourceTree = "<group>";
		};
		8D881130146025640078BE31 = {
			isa = PBXGroup;
			children = (
				30A4FAA215AD615200556403 /* cJSON */,
				30A4FA9B15AD613B00556403 /* b64 */,
				8D88118F146036E50078BE31 /* MobileCoreServices.framework */,
				8D88118D146036D40078BE31 /* AssetsLibrary.framework */,
				8D881160146025E80078BE31 /* qbox */,
				8D881145146025640078BE31 /* Demo */,
				8D88113E146025640078BE31 /* Frameworks */,
				8D88113C146025640078BE31 /* Products */,
			);
			sourceTree = "<group>";
		};
		8D88113C146025640078BE31 /* Products */ = {
			isa = PBXGroup;
			children = (
				8D88113B146025640078BE31 /* Demo.app */,
			);
			name = Products;
			sourceTree = "<group>";
		};
		8D88113E146025640078BE31 /* Frameworks */ = {
			isa = PBXGroup;
			children = (
				8D88113F146025640078BE31 /* UIKit.framework */,
				8D881141146025640078BE31 /* Foundation.framework */,
				8D881143146025640078BE31 /* CoreGraphics.framework */,
			);
			name = Frameworks;
			sourceTree = "<group>";
		};
		8D881145146025640078BE31 /* Demo */ = {
			isa = PBXGroup;
			children = (
				8D881191146037F30078BE31 /* Constants.h */,
				8D88114E146025640078BE31 /* DPAppDelegate.h */,
				8D88114F146025640078BE31 /* DPAppDelegate.m */,
				8D881151146025640078BE31 /* DPViewController.h */,
				8D881152146025640078BE31 /* DPViewController.m */,
				8D881154146025640078BE31 /* DPViewController.xib */,
				8D881146146025640078BE31 /* Supporting Files */,
			);
			path = Demo;
			sourceTree = "<group>";
		};
		8D881146146025640078BE31 /* Supporting Files */ = {
			isa = PBXGroup;
			children = (
				8D881147146025640078BE31 /* Demo-Info.plist */,
				8D881148146025640078BE31 /* InfoPlist.strings */,
				8D88114B146025640078BE31 /* main.m */,
				8D88114D146025640078BE31 /* Demo-Prefix.pch */,
			);
			name = "Supporting Files";
			sourceTree = "<group>";
		};
		8D881160146025E80078BE31 /* qbox */ = {
			isa = PBXGroup;
			children = (
				30A4FA6915AB479900556403 /* auth_policy.m */,
				30A4FA6A15AB479900556403 /* auth_policy.h */,
				30A4FA6B15AB479900556403 /* base_io.m */,
				30A4FA6C15AB479900556403 /* base.m */,
				30A4FA6D15AB479900556403 /* base.h */,
				30A4FA6E15AB479900556403 /* conf.c */,
				30A4FA6F15AB479900556403 /* conf.h */,
				30A4FA7015AB479900556403 /* oauth2_digest.m */,
				30A4FA7315AB479A00556403 /* oauth2_uptoken.m */,
				30A4FA7415AB479A00556403 /* oauth2.m */,
				30A4FA7515AB479A00556403 /* oauth2.h */,
				30A4FA7615AB479A00556403 /* rs_up.m */,
				30A4FA7715AB479A00556403 /* rs.m */,
				30A4FA7815AB479A00556403 /* rs.h */,
				30A4FA7B15AB479A00556403 /* up.m */,
				30A4FA7C15AB479A00556403 /* up.h */,
				8D8811651460283F0078BE31 /* MultipartHelper.h */,
				8D8811661460283F0078BE31 /* MultipartHelper.m */,
				8D88117814602D4D0078BE31 /* rscli.h */,
				8D88117914602D4D0078BE31 /* rscli.m */,
			);
			name = qbox;
			path = ../qbox;
			sourceTree = "<group>";
		};
/* End PBXGroup section */

/* Begin PBXNativeTarget section */
		8D88113A146025640078BE31 /* Demo */ = {
			isa = PBXNativeTarget;
			buildConfigurationList = 8D881159146025640078BE31 /* Build configuration list for PBXNativeTarget "Demo" */;
			buildPhases = (
				8D881137146025640078BE31 /* Sources */,
				8D881138146025640078BE31 /* Frameworks */,
				8D881139146025640078BE31 /* Resources */,
			);
			buildRules = (
			);
			dependencies = (
			);
			name = Demo;
			productName = Demo;
			productReference = 8D88113B146025640078BE31 /* Demo.app */;
			productType = "com.apple.product-type.application";
		};
/* End PBXNativeTarget section */

/* Begin PBXProject section */
		8D881132146025640078BE31 /* Project object */ = {
			isa = PBXProject;
			attributes = {
				LastUpgradeCheck = 0420;
			};
			buildConfigurationList = 8D881135146025640078BE31 /* Build configuration list for PBXProject "Demo" */;
			compatibilityVersion = "Xcode 3.2";
			developmentRegion = English;
			hasScannedForEncodings = 0;
			knownRegions = (
				en,
			);
			mainGroup = 8D881130146025640078BE31;
			productRefGroup = 8D88113C146025640078BE31 /* Products */;
			projectDirPath = "";
			projectRoot = "";
			targets = (
				8D88113A146025640078BE31 /* Demo */,
			);
		};
/* End PBXProject section */

/* Begin PBXResourcesBuildPhase section */
		8D881139146025640078BE31 /* Resources */ = {
			isa = PBXResourcesBuildPhase;
			buildActionMask = 2147483647;
			files = (
				8D88114A146025640078BE31 /* InfoPlist.strings in Resources */,
				8D881156146025640078BE31 /* DPViewController.xib in Resources */,
			);
			runOnlyForDeploymentPostprocessing = 0;
		};
/* End PBXResourcesBuildPhase section */

/* Begin PBXSourcesBuildPhase section */
		8D881137146025640078BE31 /* Sources */ = {
			isa = PBXSourcesBuildPhase;
			buildActionMask = 2147483647;
			files = (
				8D88114C146025640078BE31 /* main.m in Sources */,
				8D881150146025640078BE31 /* DPAppDelegate.m in Sources */,
				8D881153146025640078BE31 /* DPViewController.m in Sources */,
				8D8811671460283F0078BE31 /* MultipartHelper.m in Sources */,
				8D88117A14602D4D0078BE31 /* rscli.m in Sources */,
				30A4FA7D15AB479A00556403 /* auth_policy.m in Sources */,
				30A4FA7E15AB479A00556403 /* base_io.m in Sources */,
				30A4FA7F15AB479A00556403 /* base.m in Sources */,
				30A4FA8015AB479A00556403 /* conf.c in Sources */,
				30A4FA8115AB479A00556403 /* oauth2_digest.m in Sources */,
				30A4FA8315AB479A00556403 /* oauth2_uptoken.m in Sources */,
				30A4FA8415AB479A00556403 /* oauth2.m in Sources */,
				30A4FA8515AB479A00556403 /* rs_up.m in Sources */,
				30A4FA8615AB479A00556403 /* rs.m in Sources */,
				30A4FA8815AB479A00556403 /* up.m in Sources */,
				30A4FAA015AD614B00556403 /* b64.c in Sources */,
				30A4FAA115AD614B00556403 /* urlsafe_b64.c in Sources */,
				30A4FAA515AD616000556403 /* cJSON.c in Sources */,
			);
			runOnlyForDeploymentPostprocessing = 0;
		};
/* End PBXSourcesBuildPhase section */

/* Begin PBXVariantGroup section */
		8D881148146025640078BE31 /* InfoPlist.strings */ = {
			isa = PBXVariantGroup;
			children = (
				8D881149146025640078BE31 /* en */,
			);
			name = InfoPlist.strings;
			sourceTree = "<group>";
		};
		8D881154146025640078BE31 /* DPViewController.xib */ = {
			isa = PBXVariantGroup;
			children = (
				8D881155146025640078BE31 /* en */,
			);
			name = DPViewController.xib;
			sourceTree = "<group>";
		};
/* End PBXVariantGroup section */

/* Begin XCBuildConfiguration section */
		8D881157146025640078BE31 /* Debug */ = {
			isa = XCBuildConfiguration;
			buildSettings = {
				ALWAYS_SEARCH_USER_PATHS = NO;
				ARCHS = "$(ARCHS_STANDARD_32_BIT)";
				CODE_SIGN_IDENTITY = "iPhone Developer";
				"CODE_SIGN_IDENTITY[sdk=iphoneos*]" = "iPhone Developer";
				COPY_PHASE_STRIP = NO;
				GCC_C_LANGUAGE_STANDARD = gnu99;
				GCC_DYNAMIC_NO_PIC = NO;
				GCC_OPTIMIZATION_LEVEL = 0;
				GCC_PREPROCESSOR_DEFINITIONS = (
					"DEBUG=1",
					"$(inherited)",
				);
				GCC_SYMBOLS_PRIVATE_EXTERN = NO;
				GCC_VERSION = com.apple.compilers.llvm.clang.1_0;
				GCC_WARN_ABOUT_MISSING_PROTOTYPES = YES;
				GCC_WARN_ABOUT_RETURN_TYPE = YES;
				GCC_WARN_UNUSED_VARIABLE = YES;
				IPHONEOS_DEPLOYMENT_TARGET = 5.0;
				OTHER_LDFLAGS = "-lz";
				PROVISIONING_PROFILE = "";
				"PROVISIONING_PROFILE[sdk=iphoneos*]" = "";
				SDKROOT = iphoneos;
			};
			name = Debug;
		};
		8D881158146025640078BE31 /* Release */ = {
			isa = XCBuildConfiguration;
			buildSettings = {
				ALWAYS_SEARCH_USER_PATHS = NO;
				ARCHS = "$(ARCHS_STANDARD_32_BIT)";
				CODE_SIGN_IDENTITY = "iPhone Developer";
				"CODE_SIGN_IDENTITY[sdk=iphoneos*]" = "iPhone Developer";
				COPY_PHASE_STRIP = YES;
				GCC_C_LANGUAGE_STANDARD = gnu99;
				GCC_VERSION = com.apple.compilers.llvm.clang.1_0;
				GCC_WARN_ABOUT_MISSING_PROTOTYPES = YES;
				GCC_WARN_ABOUT_RETURN_TYPE = YES;
				GCC_WARN_UNUSED_VARIABLE = YES;
				IPHONEOS_DEPLOYMENT_TARGET = 5.0;
				OTHER_CFLAGS = "-DNS_BLOCK_ASSERTIONS=1";
				OTHER_LDFLAGS = "-lz";
				PROVISIONING_PROFILE = "";
				"PROVISIONING_PROFILE[sdk=iphoneos*]" = "";
				SDKROOT = iphoneos;
				VALIDATE_PRODUCT = YES;
			};
			name = Release;
		};
		8D88115A146025640078BE31 /* Debug */ = {
			isa = XCBuildConfiguration;
			buildSettings = {
				GCC_PRECOMPILE_PREFIX_HEADER = YES;
				GCC_PREFIX_HEADER = "Demo/Demo-Prefix.pch";
				INFOPLIST_FILE = "Demo/Demo-Info.plist";
				PRODUCT_NAME = "$(TARGET_NAME)";
				WRAPPER_EXTENSION = app;
			};
			name = Debug;
		};
		8D88115B146025640078BE31 /* Release */ = {
			isa = XCBuildConfiguration;
			buildSettings = {
				GCC_PRECOMPILE_PREFIX_HEADER = YES;
				GCC_PREFIX_HEADER = "Demo/Demo-Prefix.pch";
				INFOPLIST_FILE = "Demo/Demo-Info.plist";
				PRODUCT_NAME = "$(TARGET_NAME)";
				WRAPPER_EXTENSION = app;
			};
			name = Release;
		};
/* End XCBuildConfiguration section */

/* Begin XCConfigurationList section */
		8D881135146025640078BE31 /* Build configuration list for PBXProject "Demo" */ = {
			isa = XCConfigurationList;
			buildConfigurations = (
				8D881157146025640078BE31 /* Debug */,
				8D881158146025640078BE31 /* Release */,
			);
			defaultConfigurationIsVisible = 0;
			defaultConfigurationName = Release;
		};
		8D881159146025640078BE31 /* Build configuration list for PBXNativeTarget "Demo" */ = {
			isa = XCConfigurationList;
			buildConfigurations = (
				8D88115A146025640078BE31 /* Debug */,
				8D88115B146025640078BE31 /* Release */,
			);
			defaultConfigurationIsVisible = 0;
			defaultConfigurationName = Release;
		};
/* End XCConfigurationList section */
	};
	rootObject = 8D881132146025640078BE31 /* Project object */;
}
