// !$*UTF8*$!
{
	archiveVersion = 1;
	classes = {
	};
	objectVersion = 46;
	objects = {

/* Begin PBXBuildFile section */
		BA0BF6E618BA1579005618CB /* QiniuResumableUploader.m in Sources */ = {isa = PBXBuildFile; fileRef = BA0BF6E518BA1579005618CB /* QiniuResumableUploader.m */; };
		BA2BCC3B18CD8CFA00B81E84 /* QiniuBlkputRet.m in Sources */ = {isa = PBXBuildFile; fileRef = BA2BCC3A18CD8CFA00B81E84 /* QiniuBlkputRet.m */; };
		BA7819681907BA32002260F6 /* AFHTTPRequestOperation.m in Sources */ = {isa = PBXBuildFile; fileRef = BA7819561907BA32002260F6 /* AFHTTPRequestOperation.m */; };
		BA7819691907BA32002260F6 /* AFHTTPRequestOperationManager.m in Sources */ = {isa = PBXBuildFile; fileRef = BA7819581907BA32002260F6 /* AFHTTPRequestOperationManager.m */; };
		BA78196A1907BA32002260F6 /* AFHTTPSessionManager.m in Sources */ = {isa = PBXBuildFile; fileRef = BA78195A1907BA32002260F6 /* AFHTTPSessionManager.m */; };
		BA78196B1907BA32002260F6 /* AFNetworkReachabilityManager.m in Sources */ = {isa = PBXBuildFile; fileRef = BA78195D1907BA32002260F6 /* AFNetworkReachabilityManager.m */; };
		BA78196C1907BA32002260F6 /* AFSecurityPolicy.m in Sources */ = {isa = PBXBuildFile; fileRef = BA78195F1907BA32002260F6 /* AFSecurityPolicy.m */; };
		BA78196D1907BA32002260F6 /* AFURLConnectionOperation.m in Sources */ = {isa = PBXBuildFile; fileRef = BA7819611907BA32002260F6 /* AFURLConnectionOperation.m */; };
		BA78196E1907BA32002260F6 /* AFURLRequestSerialization.m in Sources */ = {isa = PBXBuildFile; fileRef = BA7819631907BA32002260F6 /* AFURLRequestSerialization.m */; };
		BA78196F1907BA32002260F6 /* AFURLResponseSerialization.m in Sources */ = {isa = PBXBuildFile; fileRef = BA7819651907BA32002260F6 /* AFURLResponseSerialization.m */; };
		BA7819701907BA32002260F6 /* AFURLSessionManager.m in Sources */ = {isa = PBXBuildFile; fileRef = BA7819671907BA32002260F6 /* AFURLSessionManager.m */; };
		BAB59D4418B8EE7400F235AA /* Foundation.framework in Frameworks */ = {isa = PBXBuildFile; fileRef = BAB59D4318B8EE7400F235AA /* Foundation.framework */; };
		BAB59D5218B8EE7400F235AA /* XCTest.framework in Frameworks */ = {isa = PBXBuildFile; fileRef = BAB59D5118B8EE7400F235AA /* XCTest.framework */; };
		BAB59D5318B8EE7400F235AA /* Foundation.framework in Frameworks */ = {isa = PBXBuildFile; fileRef = BAB59D4318B8EE7400F235AA /* Foundation.framework */; };
		BAB59D5518B8EE7400F235AA /* UIKit.framework in Frameworks */ = {isa = PBXBuildFile; fileRef = BAB59D5418B8EE7400F235AA /* UIKit.framework */; };
		BAB59D5818B8EE7400F235AA /* libQiniuSDK.a in Frameworks */ = {isa = PBXBuildFile; fileRef = BAB59D4018B8EE7400F235AA /* libQiniuSDK.a */; };
		BAB59D5E18B8EE7400F235AA /* InfoPlist.strings in Resources */ = {isa = PBXBuildFile; fileRef = BAB59D5C18B8EE7400F235AA /* InfoPlist.strings */; };
		BAB59D9418B8EF5800F235AA /* QiniuHttpClient.m in Sources */ = {isa = PBXBuildFile; fileRef = BAB59D8318B8EF5800F235AA /* QiniuHttpClient.m */; };
		BAB59D9618B8EF5800F235AA /* QiniuSimpleUploader.m in Sources */ = {isa = PBXBuildFile; fileRef = BAB59D8718B8EF5800F235AA /* QiniuSimpleUploader.m */; };
		BAB59D9718B8EF5800F235AA /* QiniuUtils.m in Sources */ = {isa = PBXBuildFile; fileRef = BAB59D8918B8EF5800F235AA /* QiniuUtils.m */; };
		BACF15BD18BB2EAA00F324EC /* QiniuResumableClient.m in Sources */ = {isa = PBXBuildFile; fileRef = BACF15BC18BB2EAA00F324EC /* QiniuResumableClient.m */; };
		BAF9642E18B9F45A000721B0 /* QiniuSDKTests.m in Sources */ = {isa = PBXBuildFile; fileRef = BAF9642D18B9F45A000721B0 /* QiniuSDKTests.m */; };
/* End PBXBuildFile section */

/* Begin PBXContainerItemProxy section */
		BAB59D5618B8EE7400F235AA /* PBXContainerItemProxy */ = {
			isa = PBXContainerItemProxy;
			containerPortal = BAB59D3818B8EE7400F235AA /* Project object */;
			proxyType = 1;
			remoteGlobalIDString = BAB59D3F18B8EE7400F235AA;
			remoteInfo = QiniuSDK;
		};
/* End PBXContainerItemProxy section */

/* Begin PBXCopyFilesBuildPhase section */
		BAB59D3E18B8EE7400F235AA /* CopyFiles */ = {
			isa = PBXCopyFilesBuildPhase;
			buildActionMask = 2147483647;
			dstPath = "include/$(PRODUCT_NAME)";
			dstSubfolderSpec = 16;
			files = (
			);
			runOnlyForDeploymentPostprocessing = 0;
		};
/* End PBXCopyFilesBuildPhase section */

/* Begin PBXFileReference section */
		BA0BF6E418BA1579005618CB /* QiniuResumableUploader.h */ = {isa = PBXFileReference; fileEncoding = 4; lastKnownFileType = sourcecode.c.h; path = QiniuResumableUploader.h; sourceTree = "<group>"; };
		BA0BF6E518BA1579005618CB /* QiniuResumableUploader.m */ = {isa = PBXFileReference; fileEncoding = 4; lastKnownFileType = sourcecode.c.objc; path = QiniuResumableUploader.m; sourceTree = "<group>"; };
		BA2BCC3918CD8CFA00B81E84 /* QiniuBlkputRet.h */ = {isa = PBXFileReference; fileEncoding = 4; lastKnownFileType = sourcecode.c.h; path = QiniuBlkputRet.h; sourceTree = "<group>"; };
		BA2BCC3A18CD8CFA00B81E84 /* QiniuBlkputRet.m */ = {isa = PBXFileReference; fileEncoding = 4; lastKnownFileType = sourcecode.c.objc; path = QiniuBlkputRet.m; sourceTree = "<group>"; };
		BA7819551907BA32002260F6 /* AFHTTPRequestOperation.h */ = {isa = PBXFileReference; fileEncoding = 4; lastKnownFileType = sourcecode.c.h; path = AFHTTPRequestOperation.h; sourceTree = "<group>"; };
		BA7819561907BA32002260F6 /* AFHTTPRequestOperation.m */ = {isa = PBXFileReference; fileEncoding = 4; lastKnownFileType = sourcecode.c.objc; path = AFHTTPRequestOperation.m; sourceTree = "<group>"; };
		BA7819571907BA32002260F6 /* AFHTTPRequestOperationManager.h */ = {isa = PBXFileReference; fileEncoding = 4; lastKnownFileType = sourcecode.c.h; path = AFHTTPRequestOperationManager.h; sourceTree = "<group>"; };
		BA7819581907BA32002260F6 /* AFHTTPRequestOperationManager.m */ = {isa = PBXFileReference; fileEncoding = 4; lastKnownFileType = sourcecode.c.objc; path = AFHTTPRequestOperationManager.m; sourceTree = "<group>"; };
		BA7819591907BA32002260F6 /* AFHTTPSessionManager.h */ = {isa = PBXFileReference; fileEncoding = 4; lastKnownFileType = sourcecode.c.h; path = AFHTTPSessionManager.h; sourceTree = "<group>"; };
		BA78195A1907BA32002260F6 /* AFHTTPSessionManager.m */ = {isa = PBXFileReference; fileEncoding = 4; lastKnownFileType = sourcecode.c.objc; path = AFHTTPSessionManager.m; sourceTree = "<group>"; };
		BA78195B1907BA32002260F6 /* AFNetworking.h */ = {isa = PBXFileReference; fileEncoding = 4; lastKnownFileType = sourcecode.c.h; path = AFNetworking.h; sourceTree = "<group>"; };
		BA78195C1907BA32002260F6 /* AFNetworkReachabilityManager.h */ = {isa = PBXFileReference; fileEncoding = 4; lastKnownFileType = sourcecode.c.h; path = AFNetworkReachabilityManager.h; sourceTree = "<group>"; };
		BA78195D1907BA32002260F6 /* AFNetworkReachabilityManager.m */ = {isa = PBXFileReference; fileEncoding = 4; lastKnownFileType = sourcecode.c.objc; path = AFNetworkReachabilityManager.m; sourceTree = "<group>"; };
		BA78195E1907BA32002260F6 /* AFSecurityPolicy.h */ = {isa = PBXFileReference; fileEncoding = 4; lastKnownFileType = sourcecode.c.h; path = AFSecurityPolicy.h; sourceTree = "<group>"; };
		BA78195F1907BA32002260F6 /* AFSecurityPolicy.m */ = {isa = PBXFileReference; fileEncoding = 4; lastKnownFileType = sourcecode.c.objc; path = AFSecurityPolicy.m; sourceTree = "<group>"; };
		BA7819601907BA32002260F6 /* AFURLConnectionOperation.h */ = {isa = PBXFileReference; fileEncoding = 4; lastKnownFileType = sourcecode.c.h; path = AFURLConnectionOperation.h; sourceTree = "<group>"; };
		BA7819611907BA32002260F6 /* AFURLConnectionOperation.m */ = {isa = PBXFileReference; fileEncoding = 4; lastKnownFileType = sourcecode.c.objc; path = AFURLConnectionOperation.m; sourceTree = "<group>"; };
		BA7819621907BA32002260F6 /* AFURLRequestSerialization.h */ = {isa = PBXFileReference; fileEncoding = 4; lastKnownFileType = sourcecode.c.h; path = AFURLRequestSerialization.h; sourceTree = "<group>"; };
		BA7819631907BA32002260F6 /* AFURLRequestSerialization.m */ = {isa = PBXFileReference; fileEncoding = 4; lastKnownFileType = sourcecode.c.objc; path = AFURLRequestSerialization.m; sourceTree = "<group>"; };
		BA7819641907BA32002260F6 /* AFURLResponseSerialization.h */ = {isa = PBXFileReference; fileEncoding = 4; lastKnownFileType = sourcecode.c.h; path = AFURLResponseSerialization.h; sourceTree = "<group>"; };
		BA7819651907BA32002260F6 /* AFURLResponseSerialization.m */ = {isa = PBXFileReference; fileEncoding = 4; lastKnownFileType = sourcecode.c.objc; path = AFURLResponseSerialization.m; sourceTree = "<group>"; };
		BA7819661907BA32002260F6 /* AFURLSessionManager.h */ = {isa = PBXFileReference; fileEncoding = 4; lastKnownFileType = sourcecode.c.h; path = AFURLSessionManager.h; sourceTree = "<group>"; };
		BA7819671907BA32002260F6 /* AFURLSessionManager.m */ = {isa = PBXFileReference; fileEncoding = 4; lastKnownFileType = sourcecode.c.objc; path = AFURLSessionManager.m; sourceTree = "<group>"; };
		BA86B97918BCF8C5006669FB /* QiniuUploadDelegate.h */ = {isa = PBXFileReference; fileEncoding = 4; lastKnownFileType = sourcecode.c.h; path = QiniuUploadDelegate.h; sourceTree = "<group>"; };
		BAB59D4018B8EE7400F235AA /* libQiniuSDK.a */ = {isa = PBXFileReference; explicitFileType = archive.ar; includeInIndex = 0; path = libQiniuSDK.a; sourceTree = BUILT_PRODUCTS_DIR; };
		BAB59D4318B8EE7400F235AA /* Foundation.framework */ = {isa = PBXFileReference; lastKnownFileType = wrapper.framework; name = Foundation.framework; path = System/Library/Frameworks/Foundation.framework; sourceTree = SDKROOT; };
		BAB59D4718B8EE7400F235AA /* QiniuSDK-Prefix.pch */ = {isa = PBXFileReference; lastKnownFileType = sourcecode.c.h; path = "QiniuSDK-Prefix.pch"; sourceTree = "<group>"; };
		BAB59D5018B8EE7400F235AA /* QiniuSDKTests.xctest */ = {isa = PBXFileReference; explicitFileType = wrapper.cfbundle; includeInIndex = 0; path = QiniuSDKTests.xctest; sourceTree = BUILT_PRODUCTS_DIR; };
		BAB59D5118B8EE7400F235AA /* XCTest.framework */ = {isa = PBXFileReference; lastKnownFileType = wrapper.framework; name = XCTest.framework; path = Library/Frameworks/XCTest.framework; sourceTree = DEVELOPER_DIR; };
		BAB59D5418B8EE7400F235AA /* UIKit.framework */ = {isa = PBXFileReference; lastKnownFileType = wrapper.framework; name = UIKit.framework; path = Library/Frameworks/UIKit.framework; sourceTree = DEVELOPER_DIR; };
		BAB59D5B18B8EE7400F235AA /* QiniuSDKTests-Info.plist */ = {isa = PBXFileReference; lastKnownFileType = text.plist.xml; path = "QiniuSDKTests-Info.plist"; sourceTree = "<group>"; };
		BAB59D5D18B8EE7400F235AA /* en */ = {isa = PBXFileReference; lastKnownFileType = text.plist.strings; name = en; path = en.lproj/InfoPlist.strings; sourceTree = "<group>"; };
		BAB59D8118B8EF5800F235AA /* QiniuConfig.h */ = {isa = PBXFileReference; fileEncoding = 4; lastKnownFileType = sourcecode.c.h; path = QiniuConfig.h; sourceTree = "<group>"; };
		BAB59D8218B8EF5800F235AA /* QiniuHttpClient.h */ = {isa = PBXFileReference; fileEncoding = 4; lastKnownFileType = sourcecode.c.h; path = QiniuHttpClient.h; sourceTree = "<group>"; };
		BAB59D8318B8EF5800F235AA /* QiniuHttpClient.m */ = {isa = PBXFileReference; fileEncoding = 4; lastKnownFileType = sourcecode.c.objc; path = QiniuHttpClient.m; sourceTree = "<group>"; };
		BAB59D8618B8EF5800F235AA /* QiniuSimpleUploader.h */ = {isa = PBXFileReference; fileEncoding = 4; lastKnownFileType = sourcecode.c.h; path = QiniuSimpleUploader.h; sourceTree = "<group>"; };
		BAB59D8718B8EF5800F235AA /* QiniuSimpleUploader.m */ = {isa = PBXFileReference; fileEncoding = 4; lastKnownFileType = sourcecode.c.objc; path = QiniuSimpleUploader.m; sourceTree = "<group>"; };
		BAB59D8818B8EF5800F235AA /* QiniuUtils.h */ = {isa = PBXFileReference; fileEncoding = 4; lastKnownFileType = sourcecode.c.h; path = QiniuUtils.h; sourceTree = "<group>"; };
		BAB59D8918B8EF5800F235AA /* QiniuUtils.m */ = {isa = PBXFileReference; fileEncoding = 4; lastKnownFileType = sourcecode.c.objc; path = QiniuUtils.m; sourceTree = "<group>"; };
		BACF15BB18BB2EAA00F324EC /* QiniuResumableClient.h */ = {isa = PBXFileReference; fileEncoding = 4; lastKnownFileType = sourcecode.c.h; path = QiniuResumableClient.h; sourceTree = "<group>"; };
		BACF15BC18BB2EAA00F324EC /* QiniuResumableClient.m */ = {isa = PBXFileReference; fileEncoding = 4; lastKnownFileType = sourcecode.c.objc; path = QiniuResumableClient.m; sourceTree = "<group>"; };
		BACF15BE18BC8A4F00F324EC /* libz.dylib */ = {isa = PBXFileReference; lastKnownFileType = "compiled.mach-o.dylib"; name = libz.dylib; path = usr/lib/libz.dylib; sourceTree = SDKROOT; };
		BAF9642C18B9F45A000721B0 /* QiniuSDKTests.h */ = {isa = PBXFileReference; fileEncoding = 4; lastKnownFileType = sourcecode.c.h; path = QiniuSDKTests.h; sourceTree = "<group>"; };
		BAF9642D18B9F45A000721B0 /* QiniuSDKTests.m */ = {isa = PBXFileReference; fileEncoding = 4; lastKnownFileType = sourcecode.c.objc; path = QiniuSDKTests.m; sourceTree = "<group>"; };
/* End PBXFileReference section */

/* Begin PBXFrameworksBuildPhase section */
		BAB59D3D18B8EE7400F235AA /* Frameworks */ = {
			isa = PBXFrameworksBuildPhase;
			buildActionMask = 2147483647;
			files = (
				BAB59D4418B8EE7400F235AA /* Foundation.framework in Frameworks */,
			);
			runOnlyForDeploymentPostprocessing = 0;
		};
		BAB59D4D18B8EE7400F235AA /* Frameworks */ = {
			isa = PBXFrameworksBuildPhase;
			buildActionMask = 2147483647;
			files = (
				BAB59D5218B8EE7400F235AA /* XCTest.framework in Frameworks */,
				BAB59D5518B8EE7400F235AA /* UIKit.framework in Frameworks */,
				BAB59D5318B8EE7400F235AA /* Foundation.framework in Frameworks */,
				BAB59D5818B8EE7400F235AA /* libQiniuSDK.a in Frameworks */,
			);
			runOnlyForDeploymentPostprocessing = 0;
		};
/* End PBXFrameworksBuildPhase section */

/* Begin PBXGroup section */
		BA7819541907BA32002260F6 /* AFNetworking */ = {
			isa = PBXGroup;
			children = (
				BA7819551907BA32002260F6 /* AFHTTPRequestOperation.h */,
				BA7819561907BA32002260F6 /* AFHTTPRequestOperation.m */,
				BA7819571907BA32002260F6 /* AFHTTPRequestOperationManager.h */,
				BA7819581907BA32002260F6 /* AFHTTPRequestOperationManager.m */,
				BA7819591907BA32002260F6 /* AFHTTPSessionManager.h */,
				BA78195A1907BA32002260F6 /* AFHTTPSessionManager.m */,
				BA78195B1907BA32002260F6 /* AFNetworking.h */,
				BA78195C1907BA32002260F6 /* AFNetworkReachabilityManager.h */,
				BA78195D1907BA32002260F6 /* AFNetworkReachabilityManager.m */,
				BA78195E1907BA32002260F6 /* AFSecurityPolicy.h */,
				BA78195F1907BA32002260F6 /* AFSecurityPolicy.m */,
				BA7819601907BA32002260F6 /* AFURLConnectionOperation.h */,
				BA7819611907BA32002260F6 /* AFURLConnectionOperation.m */,
				BA7819621907BA32002260F6 /* AFURLRequestSerialization.h */,
				BA7819631907BA32002260F6 /* AFURLRequestSerialization.m */,
				BA7819641907BA32002260F6 /* AFURLResponseSerialization.h */,
				BA7819651907BA32002260F6 /* AFURLResponseSerialization.m */,
				BA7819661907BA32002260F6 /* AFURLSessionManager.h */,
				BA7819671907BA32002260F6 /* AFURLSessionManager.m */,
			);
			path = AFNetworking;
			sourceTree = "<group>";
		};
		BAB59D3718B8EE7400F235AA = {
			isa = PBXGroup;
			children = (
				BAB59D4518B8EE7400F235AA /* QiniuSDK */,
				BAB59D5918B8EE7400F235AA /* QiniuSDKTests */,
				BAB59D4218B8EE7400F235AA /* Frameworks */,
				BAB59D4118B8EE7400F235AA /* Products */,
			);
			sourceTree = "<group>";
		};
		BAB59D4118B8EE7400F235AA /* Products */ = {
			isa = PBXGroup;
			children = (
				BAB59D4018B8EE7400F235AA /* libQiniuSDK.a */,
				BAB59D5018B8EE7400F235AA /* QiniuSDKTests.xctest */,
			);
			name = Products;
			sourceTree = "<group>";
		};
		BAB59D4218B8EE7400F235AA /* Frameworks */ = {
			isa = PBXGroup;
			children = (
				BACF15BE18BC8A4F00F324EC /* libz.dylib */,
				BAB59D4318B8EE7400F235AA /* Foundation.framework */,
				BAB59D5118B8EE7400F235AA /* XCTest.framework */,
				BAB59D5418B8EE7400F235AA /* UIKit.framework */,
			);
			name = Frameworks;
			sourceTree = "<group>";
		};
		BAB59D4518B8EE7400F235AA /* QiniuSDK */ = {
			isa = PBXGroup;
			children = (
				BAB59D4618B8EE7400F235AA /* Supporting Files */,
			);
			path = QiniuSDK;
			sourceTree = "<group>";
		};
		BAB59D4618B8EE7400F235AA /* Supporting Files */ = {
			isa = PBXGroup;
			children = (
				BA7819541907BA32002260F6 /* AFNetworking */,
				BA2BCC3918CD8CFA00B81E84 /* QiniuBlkputRet.h */,
				BA2BCC3A18CD8CFA00B81E84 /* QiniuBlkputRet.m */,
				BA86B97918BCF8C5006669FB /* QiniuUploadDelegate.h */,
				BACF15BB18BB2EAA00F324EC /* QiniuResumableClient.h */,
				BACF15BC18BB2EAA00F324EC /* QiniuResumableClient.m */,
				BAB59D8118B8EF5800F235AA /* QiniuConfig.h */,
				BAB59D8218B8EF5800F235AA /* QiniuHttpClient.h */,
				BAB59D8318B8EF5800F235AA /* QiniuHttpClient.m */,
				BAB59D8618B8EF5800F235AA /* QiniuSimpleUploader.h */,
				BAB59D8718B8EF5800F235AA /* QiniuSimpleUploader.m */,
				BAB59D8818B8EF5800F235AA /* QiniuUtils.h */,
				BAB59D8918B8EF5800F235AA /* QiniuUtils.m */,
				BAB59D4718B8EE7400F235AA /* QiniuSDK-Prefix.pch */,
				BA0BF6E418BA1579005618CB /* QiniuResumableUploader.h */,
				BA0BF6E518BA1579005618CB /* QiniuResumableUploader.m */,
			);
			name = "Supporting Files";
			sourceTree = "<group>";
		};
		BAB59D5918B8EE7400F235AA /* QiniuSDKTests */ = {
			isa = PBXGroup;
			children = (
				BAF9642C18B9F45A000721B0 /* QiniuSDKTests.h */,
				BAF9642D18B9F45A000721B0 /* QiniuSDKTests.m */,
				BAB59D5A18B8EE7400F235AA /* Supporting Files */,
			);
			path = QiniuSDKTests;
			sourceTree = "<group>";
		};
		BAB59D5A18B8EE7400F235AA /* Supporting Files */ = {
			isa = PBXGroup;
			children = (
				BAB59D5B18B8EE7400F235AA /* QiniuSDKTests-Info.plist */,
				BAB59D5C18B8EE7400F235AA /* InfoPlist.strings */,
			);
			name = "Supporting Files";
			sourceTree = "<group>";
		};
/* End PBXGroup section */

/* Begin PBXNativeTarget section */
		BAB59D3F18B8EE7400F235AA /* QiniuSDK */ = {
			isa = PBXNativeTarget;
			buildConfigurationList = BAB59D6318B8EE7400F235AA /* Build configuration list for PBXNativeTarget "QiniuSDK" */;
			buildPhases = (
				BAB59D3C18B8EE7400F235AA /* Sources */,
				BAB59D3D18B8EE7400F235AA /* Frameworks */,
				BAB59D3E18B8EE7400F235AA /* CopyFiles */,
			);
			buildRules = (
			);
			dependencies = (
			);
			name = QiniuSDK;
			productName = QiniuSDK;
			productReference = BAB59D4018B8EE7400F235AA /* libQiniuSDK.a */;
			productType = "com.apple.product-type.library.static";
		};
		BAB59D4F18B8EE7400F235AA /* QiniuSDKTests */ = {
			isa = PBXNativeTarget;
			buildConfigurationList = BAB59D6618B8EE7400F235AA /* Build configuration list for PBXNativeTarget "QiniuSDKTests" */;
			buildPhases = (
				BAB59D4C18B8EE7400F235AA /* Sources */,
				BAB59D4D18B8EE7400F235AA /* Frameworks */,
				BAB59D4E18B8EE7400F235AA /* Resources */,
			);
			buildRules = (
			);
			dependencies = (
				BAB59D5718B8EE7400F235AA /* PBXTargetDependency */,
			);
			name = QiniuSDKTests;
			productName = QiniuSDKTests;
			productReference = BAB59D5018B8EE7400F235AA /* QiniuSDKTests.xctest */;
			productType = "com.apple.product-type.bundle.unit-test";
		};
/* End PBXNativeTarget section */

/* Begin PBXProject section */
		BAB59D3818B8EE7400F235AA /* Project object */ = {
			isa = PBXProject;
			attributes = {
				LastUpgradeCheck = 0510;
				ORGANIZATIONNAME = Qiniu;
			};
			buildConfigurationList = BAB59D3B18B8EE7400F235AA /* Build configuration list for PBXProject "QiniuSDK" */;
			compatibilityVersion = "Xcode 3.2";
			developmentRegion = English;
			hasScannedForEncodings = 0;
			knownRegions = (
				en,
			);
			mainGroup = BAB59D3718B8EE7400F235AA;
			productRefGroup = BAB59D4118B8EE7400F235AA /* Products */;
			projectDirPath = "";
			projectRoot = "";
			targets = (
				BAB59D3F18B8EE7400F235AA /* QiniuSDK */,
				BAB59D4F18B8EE7400F235AA /* QiniuSDKTests */,
			);
		};
/* End PBXProject section */

/* Begin PBXResourcesBuildPhase section */
		BAB59D4E18B8EE7400F235AA /* Resources */ = {
			isa = PBXResourcesBuildPhase;
			buildActionMask = 2147483647;
			files = (
				BAB59D5E18B8EE7400F235AA /* InfoPlist.strings in Resources */,
			);
			runOnlyForDeploymentPostprocessing = 0;
		};
/* End PBXResourcesBuildPhase section */

/* Begin PBXSourcesBuildPhase section */
		BAB59D3C18B8EE7400F235AA /* Sources */ = {
			isa = PBXSourcesBuildPhase;
			buildActionMask = 2147483647;
			files = (
				BA7819701907BA32002260F6 /* AFURLSessionManager.m in Sources */,
				BACF15BD18BB2EAA00F324EC /* QiniuResumableClient.m in Sources */,
				BA0BF6E618BA1579005618CB /* QiniuResumableUploader.m in Sources */,
				BA78196B1907BA32002260F6 /* AFNetworkReachabilityManager.m in Sources */,
				BAB59D9618B8EF5800F235AA /* QiniuSimpleUploader.m in Sources */,
				BA78196D1907BA32002260F6 /* AFURLConnectionOperation.m in Sources */,
				BA78196A1907BA32002260F6 /* AFHTTPSessionManager.m in Sources */,
				BA78196E1907BA32002260F6 /* AFURLRequestSerialization.m in Sources */,
				BA2BCC3B18CD8CFA00B81E84 /* QiniuBlkputRet.m in Sources */,
				BAB59D9418B8EF5800F235AA /* QiniuHttpClient.m in Sources */,
				BAB59D9718B8EF5800F235AA /* QiniuUtils.m in Sources */,
				BA7819691907BA32002260F6 /* AFHTTPRequestOperationManager.m in Sources */,
				BA78196C1907BA32002260F6 /* AFSecurityPolicy.m in Sources */,
				BA78196F1907BA32002260F6 /* AFURLResponseSerialization.m in Sources */,
				BA7819681907BA32002260F6 /* AFHTTPRequestOperation.m in Sources */,
			);
			runOnlyForDeploymentPostprocessing = 0;
		};
		BAB59D4C18B8EE7400F235AA /* Sources */ = {
			isa = PBXSourcesBuildPhase;
			buildActionMask = 2147483647;
			files = (
				BAF9642E18B9F45A000721B0 /* QiniuSDKTests.m in Sources */,
			);
			runOnlyForDeploymentPostprocessing = 0;
		};
/* End PBXSourcesBuildPhase section */

/* Begin PBXTargetDependency section */
		BAB59D5718B8EE7400F235AA /* PBXTargetDependency */ = {
			isa = PBXTargetDependency;
			target = BAB59D3F18B8EE7400F235AA /* QiniuSDK */;
			targetProxy = BAB59D5618B8EE7400F235AA /* PBXContainerItemProxy */;
		};
/* End PBXTargetDependency section */

/* Begin PBXVariantGroup section */
		BAB59D5C18B8EE7400F235AA /* InfoPlist.strings */ = {
			isa = PBXVariantGroup;
			children = (
				BAB59D5D18B8EE7400F235AA /* en */,
			);
			name = InfoPlist.strings;
			sourceTree = "<group>";
		};
/* End PBXVariantGroup section */

/* Begin XCBuildConfiguration section */
		BAB59D6118B8EE7400F235AA /* Debug */ = {
			isa = XCBuildConfiguration;
			buildSettings = {
				ALWAYS_SEARCH_USER_PATHS = NO;
				CLANG_CXX_LANGUAGE_STANDARD = "gnu++0x";
				CLANG_CXX_LIBRARY = "libc++";
				CLANG_ENABLE_MODULES = YES;
				CLANG_ENABLE_OBJC_ARC = YES;
				CLANG_WARN_BOOL_CONVERSION = YES;
				CLANG_WARN_CONSTANT_CONVERSION = YES;
				CLANG_WARN_DIRECT_OBJC_ISA_USAGE = YES_ERROR;
				CLANG_WARN_EMPTY_BODY = YES;
				CLANG_WARN_ENUM_CONVERSION = YES;
				CLANG_WARN_INT_CONVERSION = YES;
				CLANG_WARN_OBJC_ROOT_CLASS = YES_ERROR;
				CLANG_WARN__DUPLICATE_METHOD_MATCH = YES;
				COPY_PHASE_STRIP = NO;
				GCC_C_LANGUAGE_STANDARD = gnu99;
				GCC_DYNAMIC_NO_PIC = NO;
				GCC_OPTIMIZATION_LEVEL = 0;
				GCC_PREPROCESSOR_DEFINITIONS = (
					"DEBUG=1",
					"$(inherited)",
				);
				GCC_SYMBOLS_PRIVATE_EXTERN = NO;
				GCC_WARN_64_TO_32_BIT_CONVERSION = YES;
				GCC_WARN_ABOUT_RETURN_TYPE = YES_ERROR;
				GCC_WARN_UNDECLARED_SELECTOR = YES;
				GCC_WARN_UNINITIALIZED_AUTOS = YES;
				GCC_WARN_UNUSED_FUNCTION = YES;
				GCC_WARN_UNUSED_VARIABLE = YES;
				IPHONEOS_DEPLOYMENT_TARGET = 7.0;
				ONLY_ACTIVE_ARCH = YES;
				SDKROOT = iphoneos;
			};
			name = Debug;
		};
		BAB59D6218B8EE7400F235AA /* Release */ = {
			isa = XCBuildConfiguration;
			buildSettings = {
				ALWAYS_SEARCH_USER_PATHS = NO;
				CLANG_CXX_LANGUAGE_STANDARD = "gnu++0x";
				CLANG_CXX_LIBRARY = "libc++";
				CLANG_ENABLE_MODULES = YES;
				CLANG_ENABLE_OBJC_ARC = YES;
				CLANG_WARN_BOOL_CONVERSION = YES;
				CLANG_WARN_CONSTANT_CONVERSION = YES;
				CLANG_WARN_DIRECT_OBJC_ISA_USAGE = YES_ERROR;
				CLANG_WARN_EMPTY_BODY = YES;
				CLANG_WARN_ENUM_CONVERSION = YES;
				CLANG_WARN_INT_CONVERSION = YES;
				CLANG_WARN_OBJC_ROOT_CLASS = YES_ERROR;
				CLANG_WARN__DUPLICATE_METHOD_MATCH = YES;
				COPY_PHASE_STRIP = YES;
				ENABLE_NS_ASSERTIONS = NO;
				GCC_C_LANGUAGE_STANDARD = gnu99;
				GCC_WARN_64_TO_32_BIT_CONVERSION = YES;
				GCC_WARN_ABOUT_RETURN_TYPE = YES_ERROR;
				GCC_WARN_UNDECLARED_SELECTOR = YES;
				GCC_WARN_UNINITIALIZED_AUTOS = YES;
				GCC_WARN_UNUSED_FUNCTION = YES;
				GCC_WARN_UNUSED_VARIABLE = YES;
				IPHONEOS_DEPLOYMENT_TARGET = 7.0;
				SDKROOT = iphoneos;
				VALIDATE_PRODUCT = YES;
			};
			name = Release;
		};
		BAB59D6418B8EE7400F235AA /* Debug */ = {
			isa = XCBuildConfiguration;
			buildSettings = {
				DSTROOT = /tmp/QiniuSDK.dst;
				GCC_PRECOMPILE_PREFIX_HEADER = YES;
				GCC_PREFIX_HEADER = "QiniuSDK/QiniuSDK-Prefix.pch";
				HEADER_SEARCH_PATHS = (
					"$(inherited)",
					/Applications/Xcode.app/Contents/Developer/Toolchains/XcodeDefault.xctoolchain/usr/include,
				);
				OTHER_LDFLAGS = "-ObjC";
				PRODUCT_NAME = "$(TARGET_NAME)";
				SKIP_INSTALL = YES;
			};
			name = Debug;
		};
		BAB59D6518B8EE7400F235AA /* Release */ = {
			isa = XCBuildConfiguration;
			buildSettings = {
				DSTROOT = /tmp/QiniuSDK.dst;
				GCC_PRECOMPILE_PREFIX_HEADER = YES;
				GCC_PREFIX_HEADER = "QiniuSDK/QiniuSDK-Prefix.pch";
				HEADER_SEARCH_PATHS = (
					"$(inherited)",
					/Applications/Xcode.app/Contents/Developer/Toolchains/XcodeDefault.xctoolchain/usr/include,
				);
				OTHER_LDFLAGS = "-ObjC";
				PRODUCT_NAME = "$(TARGET_NAME)";
				SKIP_INSTALL = YES;
			};
			name = Release;
		};
		BAB59D6718B8EE7400F235AA /* Debug */ = {
			isa = XCBuildConfiguration;
			buildSettings = {
				FRAMEWORK_SEARCH_PATHS = (
					"$(SDKROOT)/Developer/Library/Frameworks",
					"$(inherited)",
					"$(DEVELOPER_FRAMEWORKS_DIR)",
				);
				GCC_PRECOMPILE_PREFIX_HEADER = YES;
				GCC_PREFIX_HEADER = "QiniuSDK/QiniuSDK-Prefix.pch";
				GCC_PREPROCESSOR_DEFINITIONS = (
					"DEBUG=1",
					"$(inherited)",
				);
				INFOPLIST_FILE = "QiniuSDKTests/QiniuSDKTests-Info.plist";
				PRODUCT_NAME = "$(TARGET_NAME)";
				WRAPPER_EXTENSION = xctest;
			};
			name = Debug;
		};
		BAB59D6818B8EE7400F235AA /* Release */ = {
			isa = XCBuildConfiguration;
			buildSettings = {
				FRAMEWORK_SEARCH_PATHS = (
					"$(SDKROOT)/Developer/Library/Frameworks",
					"$(inherited)",
					"$(DEVELOPER_FRAMEWORKS_DIR)",
				);
				GCC_PRECOMPILE_PREFIX_HEADER = YES;
				GCC_PREFIX_HEADER = "QiniuSDK/QiniuSDK-Prefix.pch";
				INFOPLIST_FILE = "QiniuSDKTests/QiniuSDKTests-Info.plist";
				PRODUCT_NAME = "$(TARGET_NAME)";
				WRAPPER_EXTENSION = xctest;
			};
			name = Release;
		};
/* End XCBuildConfiguration section */

/* Begin XCConfigurationList section */
		BAB59D3B18B8EE7400F235AA /* Build configuration list for PBXProject "QiniuSDK" */ = {
			isa = XCConfigurationList;
			buildConfigurations = (
				BAB59D6118B8EE7400F235AA /* Debug */,
				BAB59D6218B8EE7400F235AA /* Release */,
			);
			defaultConfigurationIsVisible = 0;
			defaultConfigurationName = Release;
		};
		BAB59D6318B8EE7400F235AA /* Build configuration list for PBXNativeTarget "QiniuSDK" */ = {
			isa = XCConfigurationList;
			buildConfigurations = (
				BAB59D6418B8EE7400F235AA /* Debug */,
				BAB59D6518B8EE7400F235AA /* Release */,
			);
			defaultConfigurationIsVisible = 0;
			defaultConfigurationName = Release;
		};
		BAB59D6618B8EE7400F235AA /* Build configuration list for PBXNativeTarget "QiniuSDKTests" */ = {
			isa = XCConfigurationList;
			buildConfigurations = (
				BAB59D6718B8EE7400F235AA /* Debug */,
				BAB59D6818B8EE7400F235AA /* Release */,
			);
			defaultConfigurationIsVisible = 0;
			defaultConfigurationName = Release;
		};
/* End XCConfigurationList section */
	};
	rootObject = BAB59D3818B8EE7400F235AA /* Project object */;
}
