// !$*UTF8*$!
{
	archiveVersion = 1;
	classes = {
	};
	objectVersion = 46;
	objects = {

/* Begin PBXBuildFile section */
		2271F0D918A887E300B6BDDE /* Security.framework in Frameworks */ = {isa = PBXBuildFile; fileRef = 2271F0D818A887E300B6BDDE /* Security.framework */; };
		2271F0DA18A887F300B6BDDE /* Security.framework in Frameworks */ = {isa = PBXBuildFile; fileRef = 2271F0D818A887E300B6BDDE /* Security.framework */; };
		2271F0EF18A8881B00B6BDDE /* AFHTTPRequestOperation.m in Sources */ = {isa = PBXBuildFile; fileRef = 2271F0DD18A8881B00B6BDDE /* AFHTTPRequestOperation.m */; };
		2271F0F018A8881B00B6BDDE /* AFHTTPRequestOperationManager.m in Sources */ = {isa = PBXBuildFile; fileRef = 2271F0DF18A8881B00B6BDDE /* AFHTTPRequestOperationManager.m */; };
		2271F0F118A8881B00B6BDDE /* AFHTTPSessionManager.m in Sources */ = {isa = PBXBuildFile; fileRef = 2271F0E118A8881B00B6BDDE /* AFHTTPSessionManager.m */; };
		2271F0F218A8881B00B6BDDE /* AFNetworkReachabilityManager.m in Sources */ = {isa = PBXBuildFile; fileRef = 2271F0E418A8881B00B6BDDE /* AFNetworkReachabilityManager.m */; };
		2271F0F318A8881B00B6BDDE /* AFSecurityPolicy.m in Sources */ = {isa = PBXBuildFile; fileRef = 2271F0E618A8881B00B6BDDE /* AFSecurityPolicy.m */; };
		2271F0F418A8881B00B6BDDE /* AFURLConnectionOperation.m in Sources */ = {isa = PBXBuildFile; fileRef = 2271F0E818A8881B00B6BDDE /* AFURLConnectionOperation.m */; };
		2271F0F518A8881B00B6BDDE /* AFURLRequestSerialization.m in Sources */ = {isa = PBXBuildFile; fileRef = 2271F0EA18A8881B00B6BDDE /* AFURLRequestSerialization.m */; };
		2271F0F618A8881B00B6BDDE /* AFURLResponseSerialization.m in Sources */ = {isa = PBXBuildFile; fileRef = 2271F0EC18A8881B00B6BDDE /* AFURLResponseSerialization.m */; };
		2271F0F718A8881B00B6BDDE /* AFURLSessionManager.m in Sources */ = {isa = PBXBuildFile; fileRef = 2271F0EE18A8881B00B6BDDE /* AFURLSessionManager.m */; };
		2271F10218A88A8A00B6BDDE /* QiniuHttpClient.m in Sources */ = {isa = PBXBuildFile; fileRef = 2271F0FB18A88A8A00B6BDDE /* QiniuHttpClient.m */; };
		2271F10318A88A8A00B6BDDE /* QiniuPutPolicy.m in Sources */ = {isa = PBXBuildFile; fileRef = 2271F0FD18A88A8A00B6BDDE /* QiniuPutPolicy.m */; };
		2271F10418A88A8A00B6BDDE /* QiniuSimpleUploader.m in Sources */ = {isa = PBXBuildFile; fileRef = 2271F0FF18A88A8A00B6BDDE /* QiniuSimpleUploader.m */; };
		2271F10518A88A8A00B6BDDE /* QiniuUtils.m in Sources */ = {isa = PBXBuildFile; fileRef = 2271F10118A88A8A00B6BDDE /* QiniuUtils.m */; };
		30029D56165385F600167078 /* Foundation.framework in Frameworks */ = {isa = PBXBuildFile; fileRef = 30029D55165385F600167078 /* Foundation.framework */; };
		30029D65165385F600167078 /* SenTestingKit.framework in Frameworks */ = {isa = PBXBuildFile; fileRef = 30029D64165385F600167078 /* SenTestingKit.framework */; };
		30029D67165385F600167078 /* UIKit.framework in Frameworks */ = {isa = PBXBuildFile; fileRef = 30029D66165385F600167078 /* UIKit.framework */; };
		30029D68165385F600167078 /* Foundation.framework in Frameworks */ = {isa = PBXBuildFile; fileRef = 30029D55165385F600167078 /* Foundation.framework */; };
		30029D6B165385F600167078 /* libQiniuSDK.a in Frameworks */ = {isa = PBXBuildFile; fileRef = 30029D52165385F600167078 /* libQiniuSDK.a */; };
		30029D71165385F600167078 /* InfoPlist.strings in Resources */ = {isa = PBXBuildFile; fileRef = 30029D6F165385F600167078 /* InfoPlist.strings */; };
		30029D74165385F600167078 /* QiniuSDKTests.m in Sources */ = {isa = PBXBuildFile; fileRef = 30029D73165385F600167078 /* QiniuSDKTests.m */; };
		30029E32165387CE00167078 /* GTMBase64.m in Sources */ = {isa = PBXBuildFile; fileRef = 30029E0C165387CE00167078 /* GTMBase64.m */; settings = {COMPILER_FLAGS = "-fno-objc-arc"; }; };
		3015C2921653C08E004F3042 /* CFNetwork.framework in Frameworks */ = {isa = PBXBuildFile; fileRef = 3015C2911653C08E004F3042 /* CFNetwork.framework */; };
		3015C2931653C0B6004F3042 /* CFNetwork.framework in Frameworks */ = {isa = PBXBuildFile; fileRef = 3015C2911653C08E004F3042 /* CFNetwork.framework */; };
		3015C2951653C0CA004F3042 /* CoreGraphics.framework in Frameworks */ = {isa = PBXBuildFile; fileRef = 3015C2941653C0CA004F3042 /* CoreGraphics.framework */; };
		3015C2971653C0E7004F3042 /* SystemConfiguration.framework in Frameworks */ = {isa = PBXBuildFile; fileRef = 3015C2961653C0E7004F3042 /* SystemConfiguration.framework */; };
		3015C2991653C0F7004F3042 /* libz.dylib in Frameworks */ = {isa = PBXBuildFile; fileRef = 3015C2981653C0F7004F3042 /* libz.dylib */; };
		3015C29B1653C11B004F3042 /* MobileCoreServices.framework in Frameworks */ = {isa = PBXBuildFile; fileRef = 3015C29A1653C11B004F3042 /* MobileCoreServices.framework */; };
/* End PBXBuildFile section */

/* Begin PBXContainerItemProxy section */
		30029D69165385F600167078 /* PBXContainerItemProxy */ = {
			isa = PBXContainerItemProxy;
			containerPortal = 30029D49165385F600167078 /* Project object */;
			proxyType = 1;
			remoteGlobalIDString = 30029D51165385F600167078;
			remoteInfo = QiniuSDK;
		};
/* End PBXContainerItemProxy section */

/* Begin PBXCopyFilesBuildPhase section */
		30029D50165385F600167078 /* CopyFiles */ = {
			isa = PBXCopyFilesBuildPhase;
			buildActionMask = 2147483647;
			dstPath = "include/${PRODUCT_NAME}";
			dstSubfolderSpec = 16;
			files = (
			);
			runOnlyForDeploymentPostprocessing = 0;
		};
/* End PBXCopyFilesBuildPhase section */

/* Begin PBXFileReference section */
		2271F0D818A887E300B6BDDE /* Security.framework */ = {isa = PBXFileReference; lastKnownFileType = wrapper.framework; name = Security.framework; path = System/Library/Frameworks/Security.framework; sourceTree = SDKROOT; };
		2271F0DC18A8881B00B6BDDE /* AFHTTPRequestOperation.h */ = {isa = PBXFileReference; fileEncoding = 4; lastKnownFileType = sourcecode.c.h; path = AFHTTPRequestOperation.h; sourceTree = "<group>"; };
		2271F0DD18A8881B00B6BDDE /* AFHTTPRequestOperation.m */ = {isa = PBXFileReference; fileEncoding = 4; lastKnownFileType = sourcecode.c.objc; path = AFHTTPRequestOperation.m; sourceTree = "<group>"; };
		2271F0DE18A8881B00B6BDDE /* AFHTTPRequestOperationManager.h */ = {isa = PBXFileReference; fileEncoding = 4; lastKnownFileType = sourcecode.c.h; path = AFHTTPRequestOperationManager.h; sourceTree = "<group>"; };
		2271F0DF18A8881B00B6BDDE /* AFHTTPRequestOperationManager.m */ = {isa = PBXFileReference; fileEncoding = 4; lastKnownFileType = sourcecode.c.objc; path = AFHTTPRequestOperationManager.m; sourceTree = "<group>"; };
		2271F0E018A8881B00B6BDDE /* AFHTTPSessionManager.h */ = {isa = PBXFileReference; fileEncoding = 4; lastKnownFileType = sourcecode.c.h; path = AFHTTPSessionManager.h; sourceTree = "<group>"; };
		2271F0E118A8881B00B6BDDE /* AFHTTPSessionManager.m */ = {isa = PBXFileReference; fileEncoding = 4; lastKnownFileType = sourcecode.c.objc; path = AFHTTPSessionManager.m; sourceTree = "<group>"; };
		2271F0E218A8881B00B6BDDE /* AFNetworking.h */ = {isa = PBXFileReference; fileEncoding = 4; lastKnownFileType = sourcecode.c.h; path = AFNetworking.h; sourceTree = "<group>"; };
		2271F0E318A8881B00B6BDDE /* AFNetworkReachabilityManager.h */ = {isa = PBXFileReference; fileEncoding = 4; lastKnownFileType = sourcecode.c.h; path = AFNetworkReachabilityManager.h; sourceTree = "<group>"; };
		2271F0E418A8881B00B6BDDE /* AFNetworkReachabilityManager.m */ = {isa = PBXFileReference; fileEncoding = 4; lastKnownFileType = sourcecode.c.objc; path = AFNetworkReachabilityManager.m; sourceTree = "<group>"; };
		2271F0E518A8881B00B6BDDE /* AFSecurityPolicy.h */ = {isa = PBXFileReference; fileEncoding = 4; lastKnownFileType = sourcecode.c.h; path = AFSecurityPolicy.h; sourceTree = "<group>"; };
		2271F0E618A8881B00B6BDDE /* AFSecurityPolicy.m */ = {isa = PBXFileReference; fileEncoding = 4; lastKnownFileType = sourcecode.c.objc; path = AFSecurityPolicy.m; sourceTree = "<group>"; };
		2271F0E718A8881B00B6BDDE /* AFURLConnectionOperation.h */ = {isa = PBXFileReference; fileEncoding = 4; lastKnownFileType = sourcecode.c.h; path = AFURLConnectionOperation.h; sourceTree = "<group>"; };
		2271F0E818A8881B00B6BDDE /* AFURLConnectionOperation.m */ = {isa = PBXFileReference; fileEncoding = 4; lastKnownFileType = sourcecode.c.objc; path = AFURLConnectionOperation.m; sourceTree = "<group>"; };
		2271F0E918A8881B00B6BDDE /* AFURLRequestSerialization.h */ = {isa = PBXFileReference; fileEncoding = 4; lastKnownFileType = sourcecode.c.h; path = AFURLRequestSerialization.h; sourceTree = "<group>"; };
		2271F0EA18A8881B00B6BDDE /* AFURLRequestSerialization.m */ = {isa = PBXFileReference; fileEncoding = 4; lastKnownFileType = sourcecode.c.objc; path = AFURLRequestSerialization.m; sourceTree = "<group>"; };
		2271F0EB18A8881B00B6BDDE /* AFURLResponseSerialization.h */ = {isa = PBXFileReference; fileEncoding = 4; lastKnownFileType = sourcecode.c.h; path = AFURLResponseSerialization.h; sourceTree = "<group>"; };
		2271F0EC18A8881B00B6BDDE /* AFURLResponseSerialization.m */ = {isa = PBXFileReference; fileEncoding = 4; lastKnownFileType = sourcecode.c.objc; path = AFURLResponseSerialization.m; sourceTree = "<group>"; };
		2271F0ED18A8881B00B6BDDE /* AFURLSessionManager.h */ = {isa = PBXFileReference; fileEncoding = 4; lastKnownFileType = sourcecode.c.h; path = AFURLSessionManager.h; sourceTree = "<group>"; };
		2271F0EE18A8881B00B6BDDE /* AFURLSessionManager.m */ = {isa = PBXFileReference; fileEncoding = 4; lastKnownFileType = sourcecode.c.objc; path = AFURLSessionManager.m; sourceTree = "<group>"; };
		2271F0F918A88A8A00B6BDDE /* QiniuConfig.h */ = {isa = PBXFileReference; fileEncoding = 4; lastKnownFileType = sourcecode.c.h; path = QiniuConfig.h; sourceTree = "<group>"; };
		2271F0FA18A88A8A00B6BDDE /* QiniuHttpClient.h */ = {isa = PBXFileReference; fileEncoding = 4; lastKnownFileType = sourcecode.c.h; path = QiniuHttpClient.h; sourceTree = "<group>"; };
		2271F0FB18A88A8A00B6BDDE /* QiniuHttpClient.m */ = {isa = PBXFileReference; fileEncoding = 4; lastKnownFileType = sourcecode.c.objc; path = QiniuHttpClient.m; sourceTree = "<group>"; };
		2271F0FC18A88A8A00B6BDDE /* QiniuPutPolicy.h */ = {isa = PBXFileReference; fileEncoding = 4; lastKnownFileType = sourcecode.c.h; path = QiniuPutPolicy.h; sourceTree = "<group>"; };
		2271F0FD18A88A8A00B6BDDE /* QiniuPutPolicy.m */ = {isa = PBXFileReference; fileEncoding = 4; lastKnownFileType = sourcecode.c.objc; path = QiniuPutPolicy.m; sourceTree = "<group>"; };
		2271F0FE18A88A8A00B6BDDE /* QiniuSimpleUploader.h */ = {isa = PBXFileReference; fileEncoding = 4; lastKnownFileType = sourcecode.c.h; path = QiniuSimpleUploader.h; sourceTree = "<group>"; };
		2271F0FF18A88A8A00B6BDDE /* QiniuSimpleUploader.m */ = {isa = PBXFileReference; fileEncoding = 4; lastKnownFileType = sourcecode.c.objc; path = QiniuSimpleUploader.m; sourceTree = "<group>"; };
		2271F10018A88A8A00B6BDDE /* QiniuUtils.h */ = {isa = PBXFileReference; fileEncoding = 4; lastKnownFileType = sourcecode.c.h; path = QiniuUtils.h; sourceTree = "<group>"; };
		2271F10118A88A8A00B6BDDE /* QiniuUtils.m */ = {isa = PBXFileReference; fileEncoding = 4; lastKnownFileType = sourcecode.c.objc; path = QiniuUtils.m; sourceTree = "<group>"; };
		2271F10618A88AB000B6BDDE /* QiniuSDK-Prefix.pch */ = {isa = PBXFileReference; fileEncoding = 4; lastKnownFileType = sourcecode.c.h; path = "QiniuSDK-Prefix.pch"; sourceTree = SOURCE_ROOT; };
		30029D52165385F600167078 /* libQiniuSDK.a */ = {isa = PBXFileReference; explicitFileType = archive.ar; includeInIndex = 0; path = libQiniuSDK.a; sourceTree = BUILT_PRODUCTS_DIR; };
		30029D55165385F600167078 /* Foundation.framework */ = {isa = PBXFileReference; lastKnownFileType = wrapper.framework; name = Foundation.framework; path = System/Library/Frameworks/Foundation.framework; sourceTree = SDKROOT; };
		30029D63165385F600167078 /* QiniuSDKTests.octest */ = {isa = PBXFileReference; explicitFileType = wrapper.cfbundle; includeInIndex = 0; path = QiniuSDKTests.octest; sourceTree = BUILT_PRODUCTS_DIR; };
		30029D64165385F600167078 /* SenTestingKit.framework */ = {isa = PBXFileReference; lastKnownFileType = wrapper.framework; name = SenTestingKit.framework; path = Library/Frameworks/SenTestingKit.framework; sourceTree = DEVELOPER_DIR; };
		30029D66165385F600167078 /* UIKit.framework */ = {isa = PBXFileReference; lastKnownFileType = wrapper.framework; name = UIKit.framework; path = Library/Frameworks/UIKit.framework; sourceTree = DEVELOPER_DIR; };
		30029D6E165385F600167078 /* QiniuSDKTests-Info.plist */ = {isa = PBXFileReference; lastKnownFileType = text.plist.xml; path = "QiniuSDKTests-Info.plist"; sourceTree = "<group>"; };
		30029D70165385F600167078 /* en */ = {isa = PBXFileReference; lastKnownFileType = text.plist.strings; name = en; path = en.lproj/InfoPlist.strings; sourceTree = "<group>"; };
		30029D72165385F600167078 /* QiniuSDKTests.h */ = {isa = PBXFileReference; lastKnownFileType = sourcecode.c.h; path = QiniuSDKTests.h; sourceTree = "<group>"; };
		30029D73165385F600167078 /* QiniuSDKTests.m */ = {isa = PBXFileReference; lastKnownFileType = sourcecode.c.objc; path = QiniuSDKTests.m; sourceTree = "<group>"; };
		30029E0B165387CE00167078 /* GTMBase64.h */ = {isa = PBXFileReference; fileEncoding = 4; lastKnownFileType = sourcecode.c.h; path = GTMBase64.h; sourceTree = "<group>"; };
		30029E0C165387CE00167078 /* GTMBase64.m */ = {isa = PBXFileReference; fileEncoding = 4; lastKnownFileType = sourcecode.c.objc; path = GTMBase64.m; sourceTree = "<group>"; };
		30029E0D165387CE00167078 /* GTMDefines.h */ = {isa = PBXFileReference; fileEncoding = 4; lastKnownFileType = sourcecode.c.h; path = GTMDefines.h; sourceTree = "<group>"; };
		3015C2911653C08E004F3042 /* CFNetwork.framework */ = {isa = PBXFileReference; lastKnownFileType = wrapper.framework; name = CFNetwork.framework; path = System/Library/Frameworks/CFNetwork.framework; sourceTree = SDKROOT; };
		3015C2941653C0CA004F3042 /* CoreGraphics.framework */ = {isa = PBXFileReference; lastKnownFileType = wrapper.framework; name = CoreGraphics.framework; path = System/Library/Frameworks/CoreGraphics.framework; sourceTree = SDKROOT; };
		3015C2961653C0E7004F3042 /* SystemConfiguration.framework */ = {isa = PBXFileReference; lastKnownFileType = wrapper.framework; name = SystemConfiguration.framework; path = System/Library/Frameworks/SystemConfiguration.framework; sourceTree = SDKROOT; };
		3015C2981653C0F7004F3042 /* libz.dylib */ = {isa = PBXFileReference; lastKnownFileType = "compiled.mach-o.dylib"; name = libz.dylib; path = usr/lib/libz.dylib; sourceTree = SDKROOT; };
		3015C29A1653C11B004F3042 /* MobileCoreServices.framework */ = {isa = PBXFileReference; lastKnownFileType = wrapper.framework; name = MobileCoreServices.framework; path = System/Library/Frameworks/MobileCoreServices.framework; sourceTree = SDKROOT; };
/* End PBXFileReference section */

/* Begin PBXFrameworksBuildPhase section */
		30029D4F165385F600167078 /* Frameworks */ = {
			isa = PBXFrameworksBuildPhase;
			buildActionMask = 2147483647;
			files = (
				2271F0D918A887E300B6BDDE /* Security.framework in Frameworks */,
				3015C2921653C08E004F3042 /* CFNetwork.framework in Frameworks */,
				30029D56165385F600167078 /* Foundation.framework in Frameworks */,
			);
			runOnlyForDeploymentPostprocessing = 0;
		};
		30029D5F165385F600167078 /* Frameworks */ = {
			isa = PBXFrameworksBuildPhase;
			buildActionMask = 2147483647;
			files = (
				2271F0DA18A887F300B6BDDE /* Security.framework in Frameworks */,
				3015C29B1653C11B004F3042 /* MobileCoreServices.framework in Frameworks */,
				3015C2991653C0F7004F3042 /* libz.dylib in Frameworks */,
				3015C2971653C0E7004F3042 /* SystemConfiguration.framework in Frameworks */,
				3015C2951653C0CA004F3042 /* CoreGraphics.framework in Frameworks */,
				3015C2931653C0B6004F3042 /* CFNetwork.framework in Frameworks */,
				30029D65165385F600167078 /* SenTestingKit.framework in Frameworks */,
				30029D67165385F600167078 /* UIKit.framework in Frameworks */,
				30029D68165385F600167078 /* Foundation.framework in Frameworks */,
				30029D6B165385F600167078 /* libQiniuSDK.a in Frameworks */,
			);
			runOnlyForDeploymentPostprocessing = 0;
		};
/* End PBXFrameworksBuildPhase section */

/* Begin PBXGroup section */
		2271F0DB18A8881B00B6BDDE /* AFNetwork2 */ = {
			isa = PBXGroup;
			children = (
				2271F0DC18A8881B00B6BDDE /* AFHTTPRequestOperation.h */,
				2271F0DD18A8881B00B6BDDE /* AFHTTPRequestOperation.m */,
				2271F0DE18A8881B00B6BDDE /* AFHTTPRequestOperationManager.h */,
				2271F0DF18A8881B00B6BDDE /* AFHTTPRequestOperationManager.m */,
				2271F0E018A8881B00B6BDDE /* AFHTTPSessionManager.h */,
				2271F0E118A8881B00B6BDDE /* AFHTTPSessionManager.m */,
				2271F0E218A8881B00B6BDDE /* AFNetworking.h */,
				2271F0E318A8881B00B6BDDE /* AFNetworkReachabilityManager.h */,
				2271F0E418A8881B00B6BDDE /* AFNetworkReachabilityManager.m */,
				2271F0E518A8881B00B6BDDE /* AFSecurityPolicy.h */,
				2271F0E618A8881B00B6BDDE /* AFSecurityPolicy.m */,
				2271F0E718A8881B00B6BDDE /* AFURLConnectionOperation.h */,
				2271F0E818A8881B00B6BDDE /* AFURLConnectionOperation.m */,
				2271F0E918A8881B00B6BDDE /* AFURLRequestSerialization.h */,
				2271F0EA18A8881B00B6BDDE /* AFURLRequestSerialization.m */,
				2271F0EB18A8881B00B6BDDE /* AFURLResponseSerialization.h */,
				2271F0EC18A8881B00B6BDDE /* AFURLResponseSerialization.m */,
				2271F0ED18A8881B00B6BDDE /* AFURLSessionManager.h */,
				2271F0EE18A8881B00B6BDDE /* AFURLSessionManager.m */,
			);
			path = AFNetwork2;
			sourceTree = "<group>";
		};
		30029D47165385F600167078 = {
			isa = PBXGroup;
			children = (
				2271F0DB18A8881B00B6BDDE /* AFNetwork2 */,
				30029E0A165387CE00167078 /* GTMBase64 */,
				30029D57165385F600167078 /* QiniuSDK */,
				30029D6C165385F600167078 /* QiniuSDKTests */,
				30029D54165385F600167078 /* Frameworks */,
				30029D53165385F600167078 /* Products */,
			);
			sourceTree = "<group>";
		};
		30029D53165385F600167078 /* Products */ = {
			isa = PBXGroup;
			children = (
				30029D52165385F600167078 /* libQiniuSDK.a */,
				30029D63165385F600167078 /* QiniuSDKTests.octest */,
			);
			name = Products;
			sourceTree = "<group>";
		};
		30029D54165385F600167078 /* Frameworks */ = {
			isa = PBXGroup;
			children = (
				2271F0D818A887E300B6BDDE /* Security.framework */,
				3015C29A1653C11B004F3042 /* MobileCoreServices.framework */,
				3015C2981653C0F7004F3042 /* libz.dylib */,
				3015C2961653C0E7004F3042 /* SystemConfiguration.framework */,
				3015C2941653C0CA004F3042 /* CoreGraphics.framework */,
				3015C2911653C08E004F3042 /* CFNetwork.framework */,
				30029D55165385F600167078 /* Foundation.framework */,
				30029D64165385F600167078 /* SenTestingKit.framework */,
				30029D66165385F600167078 /* UIKit.framework */,
			);
			name = Frameworks;
			sourceTree = "<group>";
		};
		30029D57165385F600167078 /* QiniuSDK */ = {
			isa = PBXGroup;
			children = (
				2271F0F918A88A8A00B6BDDE /* QiniuConfig.h */,
				2271F0FA18A88A8A00B6BDDE /* QiniuHttpClient.h */,
				2271F0FB18A88A8A00B6BDDE /* QiniuHttpClient.m */,
				2271F0FC18A88A8A00B6BDDE /* QiniuPutPolicy.h */,
				2271F0FD18A88A8A00B6BDDE /* QiniuPutPolicy.m */,
				2271F0FE18A88A8A00B6BDDE /* QiniuSimpleUploader.h */,
				2271F0FF18A88A8A00B6BDDE /* QiniuSimpleUploader.m */,
				2271F10018A88A8A00B6BDDE /* QiniuUtils.h */,
				2271F10118A88A8A00B6BDDE /* QiniuUtils.m */,
				30029D58165385F600167078 /* Supporting Files */,
			);
			path = QiniuSDK;
			sourceTree = "<group>";
		};
		30029D58165385F600167078 /* Supporting Files */ = {
			isa = PBXGroup;
			children = (
				2271F10618A88AB000B6BDDE /* QiniuSDK-Prefix.pch */,
			);
			name = "Supporting Files";
			sourceTree = "<group>";
		};
		30029D6C165385F600167078 /* QiniuSDKTests */ = {
			isa = PBXGroup;
			children = (
				30029D72165385F600167078 /* QiniuSDKTests.h */,
				30029D73165385F600167078 /* QiniuSDKTests.m */,
				30029D6D165385F600167078 /* Supporting Files */,
			);
			path = QiniuSDKTests;
			sourceTree = "<group>";
		};
		30029D6D165385F600167078 /* Supporting Files */ = {
			isa = PBXGroup;
			children = (
				30029D6E165385F600167078 /* QiniuSDKTests-Info.plist */,
				30029D6F165385F600167078 /* InfoPlist.strings */,
			);
			name = "Supporting Files";
			sourceTree = "<group>";
		};
		30029E0A165387CE00167078 /* GTMBase64 */ = {
			isa = PBXGroup;
			children = (
				30029E0B165387CE00167078 /* GTMBase64.h */,
				30029E0C165387CE00167078 /* GTMBase64.m */,
				30029E0D165387CE00167078 /* GTMDefines.h */,
			);
			path = GTMBase64;
			sourceTree = "<group>";
		};
/* End PBXGroup section */

/* Begin PBXNativeTarget section */
		30029D51165385F600167078 /* QiniuSDK */ = {
			isa = PBXNativeTarget;
			buildConfigurationList = 30029D77165385F600167078 /* Build configuration list for PBXNativeTarget "QiniuSDK" */;
			buildPhases = (
				30029D4E165385F600167078 /* Sources */,
				30029D4F165385F600167078 /* Frameworks */,
				30029D50165385F600167078 /* CopyFiles */,
			);
			buildRules = (
			);
			dependencies = (
			);
			name = QiniuSDK;
			productName = QiniuSDK;
			productReference = 30029D52165385F600167078 /* libQiniuSDK.a */;
			productType = "com.apple.product-type.library.static";
		};
		30029D62165385F600167078 /* QiniuSDKTests */ = {
			isa = PBXNativeTarget;
			buildConfigurationList = 30029D7A165385F600167078 /* Build configuration list for PBXNativeTarget "QiniuSDKTests" */;
			buildPhases = (
				30029D5E165385F600167078 /* Sources */,
				30029D5F165385F600167078 /* Frameworks */,
				30029D60165385F600167078 /* Resources */,
				30029D61165385F600167078 /* ShellScript */,
			);
			buildRules = (
			);
			dependencies = (
				30029D6A165385F600167078 /* PBXTargetDependency */,
			);
			name = QiniuSDKTests;
			productName = QiniuSDKTests;
			productReference = 30029D63165385F600167078 /* QiniuSDKTests.octest */;
			productType = "com.apple.product-type.bundle";
		};
/* End PBXNativeTarget section */

/* Begin PBXProject section */
		30029D49165385F600167078 /* Project object */ = {
			isa = PBXProject;
			attributes = {
				LastUpgradeCheck = 0450;
				ORGANIZATIONNAME = "Shanghai Qiniu Information Technologies Co., Ltd.";
			};
			buildConfigurationList = 30029D4C165385F600167078 /* Build configuration list for PBXProject "QiniuSDK" */;
			compatibilityVersion = "Xcode 3.2";
			developmentRegion = English;
			hasScannedForEncodings = 0;
			knownRegions = (
				en,
			);
			mainGroup = 30029D47165385F600167078;
			productRefGroup = 30029D53165385F600167078 /* Products */;
			projectDirPath = "";
			projectRoot = "";
			targets = (
				30029D51165385F600167078 /* QiniuSDK */,
				30029D62165385F600167078 /* QiniuSDKTests */,
			);
		};
/* End PBXProject section */

/* Begin PBXResourcesBuildPhase section */
		30029D60165385F600167078 /* Resources */ = {
			isa = PBXResourcesBuildPhase;
			buildActionMask = 2147483647;
			files = (
				30029D71165385F600167078 /* InfoPlist.strings in Resources */,
			);
			runOnlyForDeploymentPostprocessing = 0;
		};
/* End PBXResourcesBuildPhase section */

/* Begin PBXShellScriptBuildPhase section */
		30029D61165385F600167078 /* ShellScript */ = {
			isa = PBXShellScriptBuildPhase;
			buildActionMask = 2147483647;
			files = (
			);
			inputPaths = (
			);
			outputPaths = (
			);
			runOnlyForDeploymentPostprocessing = 0;
			shellPath = /bin/sh;
			shellScript = "# Run the unit tests in this test bundle.\n\"${SYSTEM_DEVELOPER_DIR}/Tools/RunUnitTests\"\n";
		};
/* End PBXShellScriptBuildPhase section */

/* Begin PBXSourcesBuildPhase section */
		30029D4E165385F600167078 /* Sources */ = {
			isa = PBXSourcesBuildPhase;
			buildActionMask = 2147483647;
			files = (
				30029E32165387CE00167078 /* GTMBase64.m in Sources */,
				2271F10418A88A8A00B6BDDE /* QiniuSimpleUploader.m in Sources */,
				2271F0F318A8881B00B6BDDE /* AFSecurityPolicy.m in Sources */,
				2271F10318A88A8A00B6BDDE /* QiniuPutPolicy.m in Sources */,
				2271F0F018A8881B00B6BDDE /* AFHTTPRequestOperationManager.m in Sources */,
				2271F0F418A8881B00B6BDDE /* AFURLConnectionOperation.m in Sources */,
				2271F0EF18A8881B00B6BDDE /* AFHTTPRequestOperation.m in Sources */,
				2271F10218A88A8A00B6BDDE /* QiniuHttpClient.m in Sources */,
				2271F0F518A8881B00B6BDDE /* AFURLRequestSerialization.m in Sources */,
				2271F0F118A8881B00B6BDDE /* AFHTTPSessionManager.m in Sources */,
				2271F10518A88A8A00B6BDDE /* QiniuUtils.m in Sources */,
				2271F0F218A8881B00B6BDDE /* AFNetworkReachabilityManager.m in Sources */,
				2271F0F618A8881B00B6BDDE /* AFURLResponseSerialization.m in Sources */,
				2271F0F718A8881B00B6BDDE /* AFURLSessionManager.m in Sources */,
			);
			runOnlyForDeploymentPostprocessing = 0;
		};
		30029D5E165385F600167078 /* Sources */ = {
			isa = PBXSourcesBuildPhase;
			buildActionMask = 2147483647;
			files = (
				30029D74165385F600167078 /* QiniuSDKTests.m in Sources */,
			);
			runOnlyForDeploymentPostprocessing = 0;
		};
/* End PBXSourcesBuildPhase section */

/* Begin PBXTargetDependency section */
		30029D6A165385F600167078 /* PBXTargetDependency */ = {
			isa = PBXTargetDependency;
			target = 30029D51165385F600167078 /* QiniuSDK */;
			targetProxy = 30029D69165385F600167078 /* PBXContainerItemProxy */;
		};
/* End PBXTargetDependency section */

/* Begin PBXVariantGroup section */
		30029D6F165385F600167078 /* InfoPlist.strings */ = {
			isa = PBXVariantGroup;
			children = (
				30029D70165385F600167078 /* en */,
			);
			name = InfoPlist.strings;
			sourceTree = "<group>";
		};
/* End PBXVariantGroup section */

/* Begin XCBuildConfiguration section */
		30029D75165385F600167078 /* Debug */ = {
			isa = XCBuildConfiguration;
			buildSettings = {
				ALWAYS_SEARCH_USER_PATHS = NO;
				CLANG_CXX_LANGUAGE_STANDARD = "gnu++0x";
				CLANG_CXX_LIBRARY = "libc++";
				CLANG_ENABLE_OBJC_ARC = YES;
				CLANG_WARN_EMPTY_BODY = YES;
				CLANG_WARN__DUPLICATE_METHOD_MATCH = YES;
				COPY_PHASE_STRIP = NO;
				GCC_C_LANGUAGE_STANDARD = gnu99;
				GCC_DYNAMIC_NO_PIC = NO;
				GCC_OPTIMIZATION_LEVEL = 0;
				GCC_PREPROCESSOR_DEFINITIONS = (
					"DEBUG=1",
					"$(inherited)",
				);
				GCC_SYMBOLS_PRIVATE_EXTERN = NO;
				GCC_WARN_ABOUT_RETURN_TYPE = YES;
				GCC_WARN_UNINITIALIZED_AUTOS = YES;
				GCC_WARN_UNUSED_VARIABLE = YES;
				IPHONEOS_DEPLOYMENT_TARGET = 6.0;
				ONLY_ACTIVE_ARCH = YES;
				SDKROOT = iphoneos;
			};
			name = Debug;
		};
		30029D76165385F600167078 /* Release */ = {
			isa = XCBuildConfiguration;
			buildSettings = {
				ALWAYS_SEARCH_USER_PATHS = NO;
				CLANG_CXX_LANGUAGE_STANDARD = "gnu++0x";
				CLANG_CXX_LIBRARY = "libc++";
				CLANG_ENABLE_OBJC_ARC = YES;
				CLANG_WARN_EMPTY_BODY = YES;
				CLANG_WARN__DUPLICATE_METHOD_MATCH = YES;
				COPY_PHASE_STRIP = YES;
				GCC_C_LANGUAGE_STANDARD = gnu99;
				GCC_WARN_ABOUT_RETURN_TYPE = YES;
				GCC_WARN_UNINITIALIZED_AUTOS = YES;
				GCC_WARN_UNUSED_VARIABLE = YES;
				IPHONEOS_DEPLOYMENT_TARGET = 6.0;
				SDKROOT = iphoneos;
				VALIDATE_PRODUCT = YES;
			};
			name = Release;
		};
		30029D78165385F600167078 /* Debug */ = {
			isa = XCBuildConfiguration;
			buildSettings = {
				CLANG_ENABLE_OBJC_ARC = YES;
				DSTROOT = /tmp/QiniuSDK.dst;
				GCC_PRECOMPILE_PREFIX_HEADER = YES;
				GCC_PREFIX_HEADER = "QiniuSDK/QiniuSDK-Prefix.pch";
				IPHONEOS_DEPLOYMENT_TARGET = 6.0;
				OTHER_LDFLAGS = "-ObjC";
				PRODUCT_NAME = "$(TARGET_NAME)";
				SKIP_INSTALL = YES;
			};
			name = Debug;
		};
		30029D79165385F600167078 /* Release */ = {
			isa = XCBuildConfiguration;
			buildSettings = {
				CLANG_ENABLE_OBJC_ARC = YES;
				DSTROOT = /tmp/QiniuSDK.dst;
				GCC_PRECOMPILE_PREFIX_HEADER = YES;
				GCC_PREFIX_HEADER = "QiniuSDK/QiniuSDK-Prefix.pch";
				IPHONEOS_DEPLOYMENT_TARGET = 6.0;
				OTHER_LDFLAGS = "-ObjC";
				PRODUCT_NAME = "$(TARGET_NAME)";
				SKIP_INSTALL = YES;
			};
			name = Release;
		};
		30029D7B165385F600167078 /* Debug */ = {
			isa = XCBuildConfiguration;
			buildSettings = {
				FRAMEWORK_SEARCH_PATHS = (
					"\"$(SDKROOT)/Developer/Library/Frameworks\"",
					"\"$(DEVELOPER_LIBRARY_DIR)/Frameworks\"",
				);
				GCC_PRECOMPILE_PREFIX_HEADER = YES;
				GCC_PREFIX_HEADER = "QiniuSDK/QiniuSDK-Prefix.pch";
				INFOPLIST_FILE = "QiniuSDKTests/QiniuSDKTests-Info.plist";
				OTHER_LDFLAGS = "-ObjC";
				PRODUCT_NAME = "$(TARGET_NAME)";
				WRAPPER_EXTENSION = octest;
			};
			name = Debug;
		};
		30029D7C165385F600167078 /* Release */ = {
			isa = XCBuildConfiguration;
			buildSettings = {
				FRAMEWORK_SEARCH_PATHS = (
					"\"$(SDKROOT)/Developer/Library/Frameworks\"",
					"\"$(DEVELOPER_LIBRARY_DIR)/Frameworks\"",
				);
				GCC_PRECOMPILE_PREFIX_HEADER = YES;
				GCC_PREFIX_HEADER = "QiniuSDK/QiniuSDK-Prefix.pch";
				INFOPLIST_FILE = "QiniuSDKTests/QiniuSDKTests-Info.plist";
				OTHER_LDFLAGS = "-ObjC";
				PRODUCT_NAME = "$(TARGET_NAME)";
				WRAPPER_EXTENSION = octest;
			};
			name = Release;
		};
/* End XCBuildConfiguration section */

/* Begin XCConfigurationList section */
		30029D4C165385F600167078 /* Build configuration list for PBXProject "QiniuSDK" */ = {
			isa = XCConfigurationList;
			buildConfigurations = (
				30029D75165385F600167078 /* Debug */,
				30029D76165385F600167078 /* Release */,
			);
			defaultConfigurationIsVisible = 0;
			defaultConfigurationName = Release;
		};
		30029D77165385F600167078 /* Build configuration list for PBXNativeTarget "QiniuSDK" */ = {
			isa = XCConfigurationList;
			buildConfigurations = (
				30029D78165385F600167078 /* Debug */,
				30029D79165385F600167078 /* Release */,
			);
			defaultConfigurationIsVisible = 0;
			defaultConfigurationName = Release;
		};
		30029D7A165385F600167078 /* Build configuration list for PBXNativeTarget "QiniuSDKTests" */ = {
			isa = XCConfigurationList;
			buildConfigurations = (
				30029D7B165385F600167078 /* Debug */,
				30029D7C165385F600167078 /* Release */,
			);
			defaultConfigurationIsVisible = 0;
			defaultConfigurationName = Release;
		};
/* End XCConfigurationList section */
	};
	rootObject = 30029D49165385F600167078 /* Project object */;
}
